{
  "version": 4,
  "terraform_version": "1.1.9",
  "serial": 62,
  "lineage": "39a4115f-2397-58ed-d199-708d601dc6d1",
  "outputs": {
    "application_public_address": {
      "value": "usxqui.centralus.cloudapp.azure.com",
      "type": "string"
    }
  },
  "resources": [
    {
      "mode": "data",
      "type": "azurerm_mysql_server",
      "name": "wordpress",
      "provider": "provider[\"registry.terraform.io/hashicorp/azurerm\"]",
      "instances": [
        {
          "schema_version": 0,
          "attributes": {
            "administrator_login": "wordpress",
            "auto_grow_enabled": false,
            "backup_retention_days": 7,
            "fqdn": "wordpress-mysql-server1.mysql.database.azure.com",
            "geo_redundant_backup_enabled": false,
            "id": "/subscriptions/77d2070a-83d2-46f4-8043-d2daa1e4980a/resourceGroups/wordpressResourceGroup/providers/Microsoft.DBforMySQL/servers/wordpress-mysql-server1",
            "identity": [],
            "infrastructure_encryption_enabled": false,
            "location": "centralus",
            "name": "wordpress-mysql-server1",
            "public_network_access_enabled": true,
            "resource_group_name": "wordpressResourceGroup",
            "restore_point_in_time": null,
            "sku_name": "B_Gen5_2",
            "ssl_enforcement_enabled": false,
            "ssl_minimal_tls_version_enforced": "TLSEnforcementDisabled",
            "storage_mb": 5120,
            "tags": {},
            "threat_detection_policy": null,
            "timeouts": null,
            "version": "5.7"
          },
          "sensitive_attributes": []
        }
      ]
    },
    {
      "mode": "data",
      "type": "template_cloudinit_config",
      "name": "config",
      "provider": "provider[\"registry.terraform.io/hashicorp/template\"]",
      "instances": [
        {
          "schema_version": 0,
          "attributes": {
            "base64_encode": true,
            "gzip": true,
            "id": "1586279318",
            "part": [
              {
                "content": "#cloud-config\n\npackages:\n  - docker.io\n\nruncmd:\n  - sudo docker run --name wordpress -p 80:80 -e WORDPRESS_DB_HOST=wordpress-mysql-server1.mysql.database.azure.com -e WORDPRESS_DB_USER=wordpress -e WORDPRESS_DB_PASSWORD=w0rdpr3ss@p4ss -e WORDPRESS_DB_NAME=wordpress -d wordpress:5.6",
                "content_type": "text/cloud-config",
                "filename": "web.conf",
                "merge_type": ""
              }
            ],
            "rendered": "H4sIAAAAAAAA/2yRXW/yIBiGz0n6H0jfY7Dm/TI1TaZrk+2galrdsiND4dERC3RAp+7XL3UfNrrD57kvLm7CrdEetCfLYwMxVm3tZcOsHyh5ADHGlWm1YPaYhPl9nk3nq1k6KZ5C1E3kAayTRsd4SKMABYiQPhSgL3cqXWOc9CeWec/4swLtx3gja9BMQRLuoaLc6E14PrW0TLsNWJJpboTU2xj/r6TvAafKHg5+wGvTCtIJ5DZAuVRwVe5Xn0GoYXzHtuBihDHBwvAdWCoNQrbVXImPtWuF+cywbTUmpGuL98aKxoJzmDR4FMWjCBPAj/MiXRRZWa7T6fpuXi6Tb46oo3upiQP7CnZITxMVzLOKOaDsrbVAuVFXllWZFUnvtot4MSnLbpHsow757dxN8+cHbjbJs75GnF8Q/6X/Lj+OkAC9BwAA//+zC3QwFwIAAA=="
          },
          "sensitive_attributes": []
        }
      ]
    },
    {
      "mode": "data",
      "type": "template_file",
      "name": "script",
      "provider": "provider[\"registry.terraform.io/hashicorp/template\"]",
      "instances": [
        {
          "schema_version": 0,
          "attributes": {
            "filename": null,
            "id": "4e5467e77c6110b03464b2de286901959662bf39e85e437d4f5ac588af1dc780",
            "rendered": "#cloud-config\n\npackages:\n  - docker.io\n\nruncmd:\n  - sudo docker run --name wordpress -p 80:80 -e WORDPRESS_DB_HOST=wordpress-mysql-server1.mysql.database.azure.com -e WORDPRESS_DB_USER=wordpress -e WORDPRESS_DB_PASSWORD=w0rdpr3ss@p4ss -e WORDPRESS_DB_NAME=wordpress -d wordpress:5.6",
            "template": "#cloud-config\n\npackages:\n  - docker.io\n\nruncmd:\n  - sudo docker run --name wordpress -p 80:80 -e WORDPRESS_DB_HOST=wordpress-mysql-server1.mysql.database.azure.com -e WORDPRESS_DB_USER=wordpress -e WORDPRESS_DB_PASSWORD=w0rdpr3ss@p4ss -e WORDPRESS_DB_NAME=wordpress -d wordpress:5.6",
            "vars": null
          },
          "sensitive_attributes": []
        }
      ]
    },
    {
      "mode": "managed",
      "type": "azurerm_lb",
      "name": "wordpress",
      "provider": "provider[\"registry.terraform.io/hashicorp/azurerm\"]",
      "instances": [
        {
          "schema_version": 0,
          "attributes": {
            "frontend_ip_configuration": [
              {
                "id": "/subscriptions/77d2070a-83d2-46f4-8043-d2daa1e4980a/resourceGroups/wordpressResourceGroup/providers/Microsoft.Network/loadBalancers/wordpress-lb/frontendIPConfigurations/PublicIPAddress",
                "inbound_nat_rules": [],
                "load_balancer_rules": [],
                "name": "PublicIPAddress",
                "outbound_rules": [],
                "private_ip_address": "",
                "private_ip_address_allocation": "Dynamic",
                "private_ip_address_version": "",
                "public_ip_address_id": "/subscriptions/77d2070a-83d2-46f4-8043-d2daa1e4980a/resourceGroups/wordpressResourceGroup/providers/Microsoft.Network/publicIPAddresses/wordpress-public-ip",
                "public_ip_prefix_id": "",
                "subnet_id": "",
                "zones": null
              }
            ],
            "id": "/subscriptions/77d2070a-83d2-46f4-8043-d2daa1e4980a/resourceGroups/wordpressResourceGroup/providers/Microsoft.Network/loadBalancers/wordpress-lb",
            "location": "centralus",
            "name": "wordpress-lb",
            "private_ip_address": "",
            "private_ip_addresses": [],
            "resource_group_name": "wordpressResourceGroup",
            "sku": "Basic",
            "tags": {
              "environment": "Development"
            },
            "timeouts": null
          },
          "sensitive_attributes": [],
          "private": "eyJlMmJmYjczMC1lY2FhLTExZTYtOGY4OC0zNDM2M2JjN2M0YzAiOnsiY3JlYXRlIjoxODAwMDAwMDAwMDAwLCJkZWxldGUiOjE4MDAwMDAwMDAwMDAsInJlYWQiOjMwMDAwMDAwMDAwMCwidXBkYXRlIjoxODAwMDAwMDAwMDAwfX0=",
          "dependencies": [
            "azurerm_public_ip.wordpress",
            "azurerm_resource_group.wordpress",
            "random_string.fqdn"
          ]
        }
      ]
    },
    {
      "mode": "managed",
      "type": "azurerm_lb_backend_address_pool",
      "name": "bpepool",
      "provider": "provider[\"registry.terraform.io/hashicorp/azurerm\"]",
      "instances": [
        {
          "schema_version": 0,
          "attributes": {
            "backend_address": [],
            "backend_ip_configurations": [],
            "id": "/subscriptions/77d2070a-83d2-46f4-8043-d2daa1e4980a/resourceGroups/wordpressResourceGroup/providers/Microsoft.Network/loadBalancers/wordpress-lb/backendAddressPools/BackEndAddressPool",
            "load_balancing_rules": [],
            "loadbalancer_id": "/subscriptions/77d2070a-83d2-46f4-8043-d2daa1e4980a/resourceGroups/wordpressResourceGroup/providers/Microsoft.Network/loadBalancers/wordpress-lb",
            "name": "BackEndAddressPool",
            "outbound_rules": [],
            "resource_group_name": "wordpressResourceGroup",
            "timeouts": null
          },
          "sensitive_attributes": [],
          "private": "eyJlMmJmYjczMC1lY2FhLTExZTYtOGY4OC0zNDM2M2JjN2M0YzAiOnsiY3JlYXRlIjoxODAwMDAwMDAwMDAwLCJkZWxldGUiOjE4MDAwMDAwMDAwMDAsInJlYWQiOjMwMDAwMDAwMDAwMCwidXBkYXRlIjoxODAwMDAwMDAwMDAwfX0=",
          "dependencies": [
            "azurerm_lb.wordpress",
            "azurerm_public_ip.wordpress",
            "azurerm_resource_group.wordpress",
            "random_string.fqdn"
          ]
        }
      ]
    },
    {
      "mode": "managed",
      "type": "azurerm_lb_probe",
      "name": "wordpress",
      "provider": "provider[\"registry.terraform.io/hashicorp/azurerm\"]",
      "instances": [
        {
          "schema_version": 0,
          "attributes": {
            "id": "/subscriptions/77d2070a-83d2-46f4-8043-d2daa1e4980a/resourceGroups/wordpressResourceGroup/providers/Microsoft.Network/loadBalancers/wordpress-lb/probes/ssh-running-probe",
            "interval_in_seconds": 15,
            "load_balancer_rules": [],
            "loadbalancer_id": "/subscriptions/77d2070a-83d2-46f4-8043-d2daa1e4980a/resourceGroups/wordpressResourceGroup/providers/Microsoft.Network/loadBalancers/wordpress-lb",
            "name": "ssh-running-probe",
            "number_of_probes": 2,
            "port": 80,
            "protocol": "Tcp",
            "request_path": "",
            "resource_group_name": "wordpressResourceGroup",
            "timeouts": null
          },
          "sensitive_attributes": [],
          "private": "eyJlMmJmYjczMC1lY2FhLTExZTYtOGY4OC0zNDM2M2JjN2M0YzAiOnsiY3JlYXRlIjoxODAwMDAwMDAwMDAwLCJkZWxldGUiOjE4MDAwMDAwMDAwMDAsInJlYWQiOjMwMDAwMDAwMDAwMCwidXBkYXRlIjoxODAwMDAwMDAwMDAwfX0=",
          "dependencies": [
            "azurerm_lb.wordpress",
            "azurerm_public_ip.wordpress",
            "azurerm_resource_group.wordpress",
            "random_string.fqdn"
          ]
        }
      ]
    },
    {
      "mode": "managed",
      "type": "azurerm_lb_rule",
      "name": "lbnatrule",
      "provider": "provider[\"registry.terraform.io/hashicorp/azurerm\"]",
      "instances": [
        {
          "schema_version": 0,
          "attributes": {
            "backend_address_pool_id": "/subscriptions/77d2070a-83d2-46f4-8043-d2daa1e4980a/resourceGroups/wordpressResourceGroup/providers/Microsoft.Network/loadBalancers/wordpress-lb/backendAddressPools/BackEndAddressPool",
            "backend_port": 80,
            "disable_outbound_snat": false,
            "enable_floating_ip": false,
            "enable_tcp_reset": false,
            "frontend_ip_configuration_id": "/subscriptions/77d2070a-83d2-46f4-8043-d2daa1e4980a/resourceGroups/wordpressResourceGroup/providers/Microsoft.Network/loadBalancers/wordpress-lb/frontendIPConfigurations/PublicIPAddress",
            "frontend_ip_configuration_name": "PublicIPAddress",
            "frontend_port": 80,
            "id": "/subscriptions/77d2070a-83d2-46f4-8043-d2daa1e4980a/resourceGroups/wordpressResourceGroup/providers/Microsoft.Network/loadBalancers/wordpress-lb/loadBalancingRules/http",
            "idle_timeout_in_minutes": 4,
            "load_distribution": "Default",
            "loadbalancer_id": "/subscriptions/77d2070a-83d2-46f4-8043-d2daa1e4980a/resourceGroups/wordpressResourceGroup/providers/Microsoft.Network/loadBalancers/wordpress-lb",
            "name": "http",
            "probe_id": "/subscriptions/77d2070a-83d2-46f4-8043-d2daa1e4980a/resourceGroups/wordpressResourceGroup/providers/Microsoft.Network/loadBalancers/wordpress-lb/probes/ssh-running-probe",
            "protocol": "Tcp",
            "resource_group_name": "wordpressResourceGroup",
            "timeouts": null
          },
          "sensitive_attributes": [],
          "private": "eyJlMmJmYjczMC1lY2FhLTExZTYtOGY4OC0zNDM2M2JjN2M0YzAiOnsiY3JlYXRlIjoxODAwMDAwMDAwMDAwLCJkZWxldGUiOjE4MDAwMDAwMDAwMDAsInJlYWQiOjMwMDAwMDAwMDAwMCwidXBkYXRlIjoxODAwMDAwMDAwMDAwfX0=",
          "dependencies": [
            "azurerm_lb.wordpress",
            "azurerm_lb_backend_address_pool.bpepool",
            "azurerm_lb_probe.wordpress",
            "azurerm_public_ip.wordpress",
            "azurerm_resource_group.wordpress",
            "random_string.fqdn"
          ]
        }
      ]
    },
    {
      "mode": "managed",
      "type": "azurerm_linux_virtual_machine_scale_set",
      "name": "wordpress",
      "provider": "provider[\"registry.terraform.io/hashicorp/azurerm\"]",
      "instances": [
        {
          "schema_version": 0,
          "attributes": {
            "additional_capabilities": [],
            "admin_password": "Te$ting",
            "admin_ssh_key": [
              {
                "public_key": "ssh-rsa AAAAB3NzaC1yc2EAAAADAQABAAACAQDQn7vWbwvqxOD4DvswvpbRKXeD/GSCbLhSLx5hvBpk370A4kDO0Vf1Atk4DSJz0DMIGjYOua0OjmcZHBctIjcncsm8JlhKf9mSl+dxP8JdTAABvaWag62tN4IfsmLfnqTwdvDEVvElanu/HhessZGdOfY3jsIBFVe8vrtMWWGqW7UIsr5Vngm4pY44WryIfiEbuHFk7cb236cqi+Bo5GWmd5RuqUn3v7SmsKNWNEn1JZM2UJsBk/p6Rb372tu094tewaw9Y6WE/14ZYqCYnWqvDZWs+B4Srv0D9syAQTAFfntopNR7eAr5No1ArgG+whTlW//jJ0T9+YrcQxppaCZ0nCoFFLNqbMQqgC7TqnN7jF90ka27pgmPY/tPBbXcdI6eNsKIF7rl9cgvkWa4e9s8pwQ+6Si+YCMxqjZYX/13h6MNad9Z2fchcbo4Ddp5eQFWe4sJ4D+gNruCHQW2DxB3MhBxGdH5Toasuh7tFljQkNfj2/xTN5G8VOegA49Q1To+qEFiuEEv34Q2tLhrQXnZAeQd3wn806KJ4b4ZZkqT8hty+ubUpldYwopgSSB+VoKLv9UsS+rQKtACiHym8yZa63ZGvJ05Wt0tyv+IcszqD2P9dxrd52QtMquEiH04aaFZ/PTe0ttsyQ/98iFcWQKhdmp+C1tpKsnTmc570/UP4w== azureuser@myserver\n",
                "username": "azureuser"
              }
            ],
            "admin_username": "azureuser",
            "automatic_instance_repair": [
              {
                "enabled": false,
                "grace_period": "PT30M"
              }
            ],
            "automatic_os_upgrade_policy": [],
            "boot_diagnostics": [],
            "computer_name_prefix": "vmscaleset",
            "custom_data": "H4sIAAAAAAAA/2yRXW/yIBiGz0n6H0jfY7Dm/TI1TaZrk+2galrdsiND4dERC3RAp+7XL3UfNrrD57kvLm7CrdEetCfLYwMxVm3tZcOsHyh5ADHGlWm1YPaYhPl9nk3nq1k6KZ5C1E3kAayTRsd4SKMABYiQPhSgL3cqXWOc9CeWec/4swLtx3gja9BMQRLuoaLc6E14PrW0TLsNWJJpboTU2xj/r6TvAafKHg5+wGvTCtIJ5DZAuVRwVe5Xn0GoYXzHtuBihDHBwvAdWCoNQrbVXImPtWuF+cywbTUmpGuL98aKxoJzmDR4FMWjCBPAj/MiXRRZWa7T6fpuXi6Tb46oo3upiQP7CnZITxMVzLOKOaDsrbVAuVFXllWZFUnvtot4MSnLbpHsow757dxN8+cHbjbJs75GnF8Q/6X/Lj+OkAC9BwAA//+zC3QwFwIAAA==",
            "data_disk": [],
            "disable_password_authentication": false,
            "do_not_run_extensions_on_overprovisioned_machines": false,
            "encryption_at_host_enabled": false,
            "eviction_policy": "",
            "extension": null,
            "extensions_time_budget": "PT1H30M",
            "health_probe_id": "",
            "id": "/subscriptions/77d2070a-83d2-46f4-8043-d2daa1e4980a/resourceGroups/wordpressResourceGroup/providers/Microsoft.Compute/virtualMachineScaleSets/vmscaleset",
            "identity": [],
            "instances": 2,
            "location": "centralus",
            "max_bid_price": -1,
            "name": "vmscaleset",
            "network_interface": [
              {
                "dns_servers": null,
                "enable_accelerated_networking": false,
                "enable_ip_forwarding": false,
                "ip_configuration": [
                  {
                    "application_gateway_backend_address_pool_ids": null,
                    "application_security_group_ids": null,
                    "load_balancer_backend_address_pool_ids": [
                      "/subscriptions/77d2070a-83d2-46f4-8043-d2daa1e4980a/resourceGroups/wordpressResourceGroup/providers/Microsoft.Network/loadBalancers/wordpress-lb/backendAddressPools/BackEndAddressPool"
                    ],
                    "load_balancer_inbound_nat_rules_ids": null,
                    "name": "IPConfiguration",
                    "primary": true,
                    "public_ip_address": [],
                    "subnet_id": "/subscriptions/77d2070a-83d2-46f4-8043-d2daa1e4980a/resourceGroups/wordpressResourceGroup/providers/Microsoft.Network/virtualNetworks/wordpress-vnet/subnets/wordpress-subnet",
                    "version": "IPv4"
                  }
                ],
                "name": "NetworkInterface",
                "network_security_group_id": "",
                "primary": true
              }
            ],
            "os_disk": [
              {
                "caching": "ReadWrite",
                "diff_disk_settings": [],
                "disk_encryption_set_id": "",
                "disk_size_gb": 30,
                "storage_account_type": "Standard_LRS",
                "write_accelerator_enabled": false
              }
            ],
            "overprovision": true,
            "plan": [],
            "platform_fault_domain_count": 0,
            "priority": "Regular",
            "provision_vm_agent": true,
            "proximity_placement_group_id": "",
            "resource_group_name": "wordpressResourceGroup",
            "rolling_upgrade_policy": [],
            "scale_in_policy": "Default",
            "secret": [],
            "single_placement_group": true,
            "sku": "Standard_DS1_v2",
            "source_image_id": "",
            "source_image_reference": [
              {
                "offer": "UbuntuServer",
                "publisher": "Canonical",
                "sku": "18.04-LTS",
                "version": "latest"
              }
            ],
            "tags": {
              "environment": "Development"
            },
            "terminate_notification": null,
            "timeouts": null,
            "unique_id": "067ca98d-e522-4b6c-ab77-99cfe72ccaa5",
            "upgrade_mode": "Manual",
            "zone_balance": false,
            "zones": null
          },
          "sensitive_attributes": [],
          "private": "eyJlMmJmYjczMC1lY2FhLTExZTYtOGY4OC0zNDM2M2JjN2M0YzAiOnsiY3JlYXRlIjoxODAwMDAwMDAwMDAwLCJkZWxldGUiOjE4MDAwMDAwMDAwMDAsInJlYWQiOjMwMDAwMDAwMDAwMCwidXBkYXRlIjozNjAwMDAwMDAwMDAwfX0=",
          "dependencies": [
            "azurerm_lb.wordpress",
            "azurerm_lb_backend_address_pool.bpepool",
            "azurerm_mysql_server.wordpress",
            "azurerm_public_ip.wordpress",
            "azurerm_resource_group.wordpress",
            "azurerm_subnet.wordpress",
            "azurerm_virtual_network.wordpress",
            "data.template_cloudinit_config.config",
            "data.template_file.script",
            "random_string.fqdn"
          ]
        }
      ]
    },
    {
      "mode": "managed",
      "type": "azurerm_mysql_database",
      "name": "wordpress",
      "provider": "provider[\"registry.terraform.io/hashicorp/azurerm\"]",
      "instances": [
        {
          "schema_version": 0,
          "attributes": {
            "charset": "utf8",
            "collation": "utf8_unicode_ci",
            "id": "/subscriptions/77d2070a-83d2-46f4-8043-d2daa1e4980a/resourceGroups/wordpressResourceGroup/providers/Microsoft.DBforMySQL/servers/wordpress-mysql-server1/databases/wordpress-mysql-db1",
            "name": "wordpress-mysql-db1",
            "resource_group_name": "wordpressResourceGroup",
            "server_name": "wordpress-mysql-server1",
            "timeouts": null
          },
          "sensitive_attributes": [],
          "private": "eyJlMmJmYjczMC1lY2FhLTExZTYtOGY4OC0zNDM2M2JjN2M0YzAiOnsiY3JlYXRlIjozNjAwMDAwMDAwMDAwLCJkZWxldGUiOjM2MDAwMDAwMDAwMDAsInJlYWQiOjMwMDAwMDAwMDAwMCwidXBkYXRlIjozNjAwMDAwMDAwMDAwfX0=",
          "dependencies": [
            "azurerm_mysql_server.wordpress",
            "azurerm_resource_group.wordpress"
          ]
        }
      ]
    },
    {
      "mode": "managed",
      "type": "azurerm_mysql_firewall_rule",
      "name": "wordpress",
      "provider": "provider[\"registry.terraform.io/hashicorp/azurerm\"]",
      "instances": [
        {
          "schema_version": 0,
          "attributes": {
            "end_ip_address": "168.61.208.50",
            "id": "/subscriptions/77d2070a-83d2-46f4-8043-d2daa1e4980a/resourceGroups/wordpressResourceGroup/providers/Microsoft.DBforMySQL/servers/wordpress-mysql-server1/firewallRules/wordpress-mysql-firewall-rule",
            "name": "wordpress-mysql-firewall-rule",
            "resource_group_name": "wordpressResourceGroup",
            "server_name": "wordpress-mysql-server1",
            "start_ip_address": "168.61.208.50",
            "timeouts": null
          },
          "sensitive_attributes": [],
          "private": "eyJlMmJmYjczMC1lY2FhLTExZTYtOGY4OC0zNDM2M2JjN2M0YzAiOnsiY3JlYXRlIjoxODAwMDAwMDAwMDAwLCJkZWxldGUiOjE4MDAwMDAwMDAwMDAsInJlYWQiOjMwMDAwMDAwMDAwMCwidXBkYXRlIjoxODAwMDAwMDAwMDAwfX0=",
          "dependencies": [
            "azurerm_mysql_server.wordpress",
            "azurerm_public_ip.wordpress",
            "azurerm_resource_group.wordpress",
            "random_string.fqdn"
          ]
        }
      ]
    },
    {
      "mode": "managed",
      "type": "azurerm_mysql_server",
      "name": "wordpress",
      "provider": "provider[\"registry.terraform.io/hashicorp/azurerm\"]",
      "instances": [
        {
          "schema_version": 0,
          "attributes": {
            "administrator_login": "wordpress",
            "administrator_login_password": "w0rdpr3ss@p4ss",
            "auto_grow_enabled": false,
            "backup_retention_days": 7,
            "create_mode": "Default",
            "creation_source_server_id": null,
            "fqdn": "wordpress-mysql-server1.mysql.database.azure.com",
            "geo_redundant_backup_enabled": false,
            "id": "/subscriptions/77d2070a-83d2-46f4-8043-d2daa1e4980a/resourceGroups/wordpressResourceGroup/providers/Microsoft.DBforMySQL/servers/wordpress-mysql-server1",
            "identity": [],
            "infrastructure_encryption_enabled": false,
            "location": "centralus",
            "name": "wordpress-mysql-server1",
            "public_network_access_enabled": true,
            "resource_group_name": "wordpressResourceGroup",
            "restore_point_in_time": null,
            "sku_name": "B_Gen5_2",
            "ssl_enforcement": "Disabled",
            "ssl_enforcement_enabled": false,
            "ssl_minimal_tls_version_enforced": "TLSEnforcementDisabled",
            "storage_mb": 5120,
            "storage_profile": [
              {
                "auto_grow": "Disabled",
                "backup_retention_days": 7,
                "geo_redundant_backup": "Disabled",
                "storage_mb": 5120
              }
            ],
            "tags": null,
            "threat_detection_policy": [],
            "timeouts": null,
            "version": "5.7"
          },
          "sensitive_attributes": [],
          "private": "eyJlMmJmYjczMC1lY2FhLTExZTYtOGY4OC0zNDM2M2JjN2M0YzAiOnsiY3JlYXRlIjozNjAwMDAwMDAwMDAwLCJkZWxldGUiOjM2MDAwMDAwMDAwMDAsInJlYWQiOjMwMDAwMDAwMDAwMCwidXBkYXRlIjozNjAwMDAwMDAwMDAwfX0=",
          "dependencies": [
            "azurerm_resource_group.wordpress"
          ]
        }
      ]
    },
    {
      "mode": "managed",
      "type": "azurerm_public_ip",
      "name": "wordpress",
      "provider": "provider[\"registry.terraform.io/hashicorp/azurerm\"]",
      "instances": [
        {
          "schema_version": 0,
          "attributes": {
            "allocation_method": "Static",
            "domain_name_label": "usxqui",
            "fqdn": "usxqui.centralus.cloudapp.azure.com",
            "id": "/subscriptions/77d2070a-83d2-46f4-8043-d2daa1e4980a/resourceGroups/wordpressResourceGroup/providers/Microsoft.Network/publicIPAddresses/wordpress-public-ip",
            "idle_timeout_in_minutes": 4,
            "ip_address": "168.61.208.50",
            "ip_version": "IPv4",
            "location": "centralus",
            "name": "wordpress-public-ip",
            "public_ip_prefix_id": null,
            "resource_group_name": "wordpressResourceGroup",
            "reverse_fqdn": "",
            "sku": "Basic",
            "tags": {
              "environment": "Development"
            },
            "timeouts": null,
            "zones": null
          },
          "sensitive_attributes": [],
          "private": "eyJlMmJmYjczMC1lY2FhLTExZTYtOGY4OC0zNDM2M2JjN2M0YzAiOnsiY3JlYXRlIjoxODAwMDAwMDAwMDAwLCJkZWxldGUiOjE4MDAwMDAwMDAwMDAsInJlYWQiOjMwMDAwMDAwMDAwMCwidXBkYXRlIjoxODAwMDAwMDAwMDAwfX0=",
          "dependencies": [
            "azurerm_resource_group.wordpress",
            "random_string.fqdn"
          ]
        }
      ]
    },
    {
      "mode": "managed",
      "type": "azurerm_resource_group",
      "name": "wordpress",
      "provider": "provider[\"registry.terraform.io/hashicorp/azurerm\"]",
      "instances": [
        {
          "schema_version": 0,
          "attributes": {
            "id": "/subscriptions/77d2070a-83d2-46f4-8043-d2daa1e4980a/resourceGroups/wordpressResourceGroup",
            "location": "centralus",
            "name": "wordpressResourceGroup",
            "tags": {
              "environment": "Development"
            },
            "timeouts": null
          },
          "sensitive_attributes": [],
          "private": "eyJlMmJmYjczMC1lY2FhLTExZTYtOGY4OC0zNDM2M2JjN2M0YzAiOnsiY3JlYXRlIjo1NDAwMDAwMDAwMDAwLCJkZWxldGUiOjU0MDAwMDAwMDAwMDAsInJlYWQiOjMwMDAwMDAwMDAwMCwidXBkYXRlIjo1NDAwMDAwMDAwMDAwfX0="
        }
      ]
    },
    {
      "mode": "managed",
      "type": "azurerm_subnet",
      "name": "wordpress",
      "provider": "provider[\"registry.terraform.io/hashicorp/azurerm\"]",
      "instances": [
        {
          "schema_version": 0,
          "attributes": {
            "address_prefix": "10.0.2.0/24",
            "address_prefixes": [
              "10.0.2.0/24"
            ],
            "delegation": [],
            "enforce_private_link_endpoint_network_policies": false,
            "enforce_private_link_service_network_policies": false,
            "id": "/subscriptions/77d2070a-83d2-46f4-8043-d2daa1e4980a/resourceGroups/wordpressResourceGroup/providers/Microsoft.Network/virtualNetworks/wordpress-vnet/subnets/wordpress-subnet",
            "name": "wordpress-subnet",
            "resource_group_name": "wordpressResourceGroup",
            "service_endpoint_policy_ids": null,
            "service_endpoints": null,
            "timeouts": null,
            "virtual_network_name": "wordpress-vnet"
          },
          "sensitive_attributes": [],
          "private": "eyJlMmJmYjczMC1lY2FhLTExZTYtOGY4OC0zNDM2M2JjN2M0YzAiOnsiY3JlYXRlIjoxODAwMDAwMDAwMDAwLCJkZWxldGUiOjE4MDAwMDAwMDAwMDAsInJlYWQiOjMwMDAwMDAwMDAwMCwidXBkYXRlIjoxODAwMDAwMDAwMDAwfX0=",
          "dependencies": [
            "azurerm_resource_group.wordpress",
            "azurerm_virtual_network.wordpress"
          ]
        }
      ]
    },
    {
      "mode": "managed",
      "type": "azurerm_virtual_network",
      "name": "wordpress",
      "provider": "provider[\"registry.terraform.io/hashicorp/azurerm\"]",
      "instances": [
        {
          "schema_version": 0,
          "attributes": {
            "address_space": [
              "10.0.0.0/16"
            ],
            "bgp_community": "",
            "ddos_protection_plan": [],
            "dns_servers": null,
            "guid": "feae9c13-7f4e-4970-b889-68b7396779fe",
            "id": "/subscriptions/77d2070a-83d2-46f4-8043-d2daa1e4980a/resourceGroups/wordpressResourceGroup/providers/Microsoft.Network/virtualNetworks/wordpress-vnet",
            "location": "centralus",
            "name": "wordpress-vnet",
            "resource_group_name": "wordpressResourceGroup",
            "subnet": [],
            "tags": {
              "environment": "Development"
            },
            "timeouts": null,
            "vm_protection_enabled": false
          },
          "sensitive_attributes": [],
          "private": "eyJlMmJmYjczMC1lY2FhLTExZTYtOGY4OC0zNDM2M2JjN2M0YzAiOnsiY3JlYXRlIjoxODAwMDAwMDAwMDAwLCJkZWxldGUiOjE4MDAwMDAwMDAwMDAsInJlYWQiOjMwMDAwMDAwMDAwMCwidXBkYXRlIjoxODAwMDAwMDAwMDAwfX0=",
          "dependencies": [
            "azurerm_resource_group.wordpress"
          ]
        }
      ]
    },
    {
      "mode": "managed",
      "type": "random_string",
      "name": "fqdn",
      "provider": "provider[\"registry.terraform.io/hashicorp/random\"]",
      "instances": [
        {
          "schema_version": 1,
          "attributes": {
            "id": "usxqui",
            "keepers": null,
            "length": 6,
            "lower": true,
            "min_lower": 0,
            "min_numeric": 0,
            "min_special": 0,
            "min_upper": 0,
            "number": false,
            "override_special": null,
            "result": "usxqui",
            "special": false,
            "upper": false
          },
          "sensitive_attributes": [],
          "private": "eyJzY2hlbWFfdmVyc2lvbiI6IjEifQ=="
        }
      ]
    }
  ]
}
