{
  "version": 4,
  "terraform_version": "1.1.9",
  "serial": 733,
  "lineage": "aac9dd6d-6e5d-5077-c0bc-c17e3c0220ea",
  "outputs": {
    "bastion_host_linuxvm_public_ip_address": {
      "value": "52.173.104.30",
      "type": "string"
    },
    "mysql_server_fqdn": {
      "value": "hr-dev-mysql.mysql.database.azure.com",
      "type": "string"
    },
    "storage_account_name": {
      "value": "staticwebsitepptyls",
      "type": "string"
    },
    "storage_account_primary_access_key": {
      "value": "KiwkMrEw9Npyy2lFwadgkwNyb9SiCsonBINAI7U2SW9KwpW+/zSZIfKthtzIMTvtJ1zef50EjWap+AStD+YRVg==",
      "type": "string",
      "sensitive": true
    },
    "storage_account_primary_web_endpoint": {
      "value": "https://staticwebsitepptyls.z19.web.core.windows.net/",
      "type": "string"
    },
    "storage_account_primary_web_host": {
      "value": "staticwebsitepptyls.z19.web.core.windows.net",
      "type": "string"
    },
    "virtual_network_id": {
      "value": "/subscriptions/30ac425c-ea17-4b90-badf-2af77b724338/resourceGroups/hr-dev-rg-pptyls/providers/Microsoft.Network/virtualNetworks/hr-dev-vnet",
      "type": "string"
    },
    "virtual_network_name": {
      "value": "hr-dev-vnet",
      "type": "string"
    },
    "web_ag_id": {
      "value": "/subscriptions/30ac425c-ea17-4b90-badf-2af77b724338/resourceGroups/hr-dev-rg-pptyls/providers/Microsoft.Network/applicationGateways/hr-dev-web-ag",
      "type": "string"
    },
    "web_ag_public_ip_1": {
      "value": "52.173.104.162",
      "type": "string"
    },
    "web_subnet_id": {
      "value": "/subscriptions/30ac425c-ea17-4b90-badf-2af77b724338/resourceGroups/hr-dev-rg-pptyls/providers/Microsoft.Network/virtualNetworks/hr-dev-vnet/subnets/hr-dev-vnet-websubnet",
      "type": "string"
    },
    "web_subnet_name": {
      "value": "hr-dev-vnet-websubnet",
      "type": "string"
    },
    "web_subnet_nsg_id": {
      "value": "/subscriptions/30ac425c-ea17-4b90-badf-2af77b724338/resourceGroups/hr-dev-rg-pptyls/providers/Microsoft.Network/networkSecurityGroups/hr-dev-vnet-websubnet-nsg",
      "type": "string"
    },
    "web_subnet_nsg_name": {
      "value": "hr-dev-vnet-websubnet-nsg",
      "type": "string"
    },
    "web_vmss_id": {
      "value": "/subscriptions/30ac425c-ea17-4b90-badf-2af77b724338/resourceGroups/hr-dev-rg-pptyls/providers/Microsoft.Compute/virtualMachineScaleSets/hr-dev-web-vmss",
      "type": "string"
    }
  },
  "resources": [
    {
      "mode": "data",
      "type": "azurerm_mysql_server",
      "name": "wordpress",
      "provider": "provider[\"registry.terraform.io/hashicorp/azurerm\"]",
      "instances": [
        {
          "schema_version": 0,
          "attributes": {
            "administrator_login": "wordpress",
            "auto_grow_enabled": false,
            "backup_retention_days": 7,
            "fqdn": "wordpress-mysql-server-new.mysql.database.azure.com",
            "geo_redundant_backup_enabled": false,
            "id": "/subscriptions/30ac425c-ea17-4b90-badf-2af77b724338/resourceGroups/hr-dev-rg-pptyls/providers/Microsoft.DBforMySQL/servers/wordpress-mysql-server-new",
            "identity": [],
            "infrastructure_encryption_enabled": false,
            "location": "centralus",
            "name": "wordpress-mysql-server-new",
            "public_network_access_enabled": true,
            "resource_group_name": "hr-dev-rg-pptyls",
            "restore_point_in_time": null,
            "sku_name": "B_Gen5_2",
            "ssl_enforcement_enabled": false,
            "ssl_minimal_tls_version_enforced": "TLSEnforcementDisabled",
            "storage_mb": 5120,
            "tags": {},
            "threat_detection_policy": null,
            "timeouts": null,
            "version": "8.0"
          },
          "sensitive_attributes": []
        }
      ]
    },
    {
      "mode": "managed",
      "type": "azurerm_application_gateway",
      "name": "web_ag",
      "provider": "provider[\"registry.terraform.io/hashicorp/azurerm\"]",
      "instances": [
        {
          "schema_version": 0,
          "attributes": {
            "authentication_certificate": [],
            "autoscale_configuration": [
              {
                "max_capacity": 10,
                "min_capacity": 0
              }
            ],
            "backend_address_pool": [
              {
                "fqdns": [],
                "id": "/subscriptions/30ac425c-ea17-4b90-badf-2af77b724338/resourceGroups/hr-dev-rg-pptyls/providers/Microsoft.Network/applicationGateways/hr-dev-web-ag/backendAddressPools/hr-dev-vnet-beap-app1",
                "ip_addresses": [],
                "name": "hr-dev-vnet-beap-app1"
              }
            ],
            "backend_http_settings": [
              {
                "affinity_cookie_name": "ApplicationGatewayAffinity",
                "authentication_certificate": [],
                "connection_draining": [],
                "cookie_based_affinity": "Enabled",
                "host_name": "",
                "id": "/subscriptions/30ac425c-ea17-4b90-badf-2af77b724338/resourceGroups/hr-dev-rg-pptyls/providers/Microsoft.Network/applicationGateways/hr-dev-web-ag/backendHttpSettingsCollection/hr-dev-vnet-be-htst-app1",
                "name": "hr-dev-vnet-be-htst-app1",
                "path": "",
                "pick_host_name_from_backend_address": false,
                "port": 8080,
                "probe_id": "/subscriptions/30ac425c-ea17-4b90-badf-2af77b724338/resourceGroups/hr-dev-rg-pptyls/providers/Microsoft.Network/applicationGateways/hr-dev-web-ag/probes/hr-dev-vnet-be-probe-app1",
                "probe_name": "hr-dev-vnet-be-probe-app1",
                "protocol": "Http",
                "request_timeout": 60,
                "trusted_root_certificate_names": []
              }
            ],
            "custom_error_configuration": [],
            "enable_http2": false,
            "fips_enabled": false,
            "firewall_policy_id": null,
            "force_firewall_policy_association": false,
            "frontend_ip_configuration": [
              {
                "id": "/subscriptions/30ac425c-ea17-4b90-badf-2af77b724338/resourceGroups/hr-dev-rg-pptyls/providers/Microsoft.Network/applicationGateways/hr-dev-web-ag/frontendIPConfigurations/hr-dev-vnet-feip",
                "name": "hr-dev-vnet-feip",
                "private_ip_address": "",
                "private_ip_address_allocation": "Dynamic",
                "private_link_configuration_id": "",
                "private_link_configuration_name": "",
                "public_ip_address_id": "/subscriptions/30ac425c-ea17-4b90-badf-2af77b724338/resourceGroups/hr-dev-rg-pptyls/providers/Microsoft.Network/publicIPAddresses/hr-dev-web-ag-publicip",
                "subnet_id": ""
              }
            ],
            "frontend_port": [
              {
                "id": "/subscriptions/30ac425c-ea17-4b90-badf-2af77b724338/resourceGroups/hr-dev-rg-pptyls/providers/Microsoft.Network/applicationGateways/hr-dev-web-ag/frontendPorts/hr-dev-vnet-feport-http",
                "name": "hr-dev-vnet-feport-http",
                "port": 80
              },
              {
                "id": "/subscriptions/30ac425c-ea17-4b90-badf-2af77b724338/resourceGroups/hr-dev-rg-pptyls/providers/Microsoft.Network/applicationGateways/hr-dev-web-ag/frontendPorts/hr-dev-vnet-feport-https",
                "name": "hr-dev-vnet-feport-https",
                "port": 443
              }
            ],
            "gateway_ip_configuration": [
              {
                "id": "/subscriptions/30ac425c-ea17-4b90-badf-2af77b724338/resourceGroups/hr-dev-rg-pptyls/providers/Microsoft.Network/applicationGateways/hr-dev-web-ag/gatewayIPConfigurations/my-gateway-ip-configuration",
                "name": "my-gateway-ip-configuration",
                "subnet_id": "/subscriptions/30ac425c-ea17-4b90-badf-2af77b724338/resourceGroups/hr-dev-rg-pptyls/providers/Microsoft.Network/virtualNetworks/hr-dev-vnet/subnets/hr-dev-vnet-agsubnet"
              }
            ],
            "http_listener": [
              {
                "custom_error_configuration": [
                  {
                    "custom_error_page_url": "https://staticwebsitepptyls.z19.web.core.windows.net/502.html",
                    "id": "",
                    "status_code": "HttpStatus502"
                  },
                  {
                    "custom_error_page_url": "https://staticwebsitepptyls.z19.web.core.windows.net/403.html",
                    "id": "",
                    "status_code": "HttpStatus403"
                  }
                ],
                "firewall_policy_id": "",
                "frontend_ip_configuration_id": "/subscriptions/30ac425c-ea17-4b90-badf-2af77b724338/resourceGroups/hr-dev-rg-pptyls/providers/Microsoft.Network/applicationGateways/hr-dev-web-ag/frontendIPConfigurations/hr-dev-vnet-feip",
                "frontend_ip_configuration_name": "hr-dev-vnet-feip",
                "frontend_port_id": "/subscriptions/30ac425c-ea17-4b90-badf-2af77b724338/resourceGroups/hr-dev-rg-pptyls/providers/Microsoft.Network/applicationGateways/hr-dev-web-ag/frontendPorts/hr-dev-vnet-feport-https",
                "frontend_port_name": "hr-dev-vnet-feport-https",
                "host_name": "",
                "host_names": [],
                "id": "/subscriptions/30ac425c-ea17-4b90-badf-2af77b724338/resourceGroups/hr-dev-rg-pptyls/providers/Microsoft.Network/applicationGateways/hr-dev-web-ag/httpListeners/hr-dev-vnet-lstn-https",
                "name": "hr-dev-vnet-lstn-https",
                "protocol": "Https",
                "require_sni": false,
                "ssl_certificate_id": "/subscriptions/30ac425c-ea17-4b90-badf-2af77b724338/resourceGroups/hr-dev-rg-pptyls/providers/Microsoft.Network/applicationGateways/hr-dev-web-ag/sslCertificates/my-cert-1",
                "ssl_certificate_name": "my-cert-1",
                "ssl_profile_id": "",
                "ssl_profile_name": ""
              },
              {
                "custom_error_configuration": [],
                "firewall_policy_id": "",
                "frontend_ip_configuration_id": "/subscriptions/30ac425c-ea17-4b90-badf-2af77b724338/resourceGroups/hr-dev-rg-pptyls/providers/Microsoft.Network/applicationGateways/hr-dev-web-ag/frontendIPConfigurations/hr-dev-vnet-feip",
                "frontend_ip_configuration_name": "hr-dev-vnet-feip",
                "frontend_port_id": "/subscriptions/30ac425c-ea17-4b90-badf-2af77b724338/resourceGroups/hr-dev-rg-pptyls/providers/Microsoft.Network/applicationGateways/hr-dev-web-ag/frontendPorts/hr-dev-vnet-feport-http",
                "frontend_port_name": "hr-dev-vnet-feport-http",
                "host_name": "",
                "host_names": [],
                "id": "/subscriptions/30ac425c-ea17-4b90-badf-2af77b724338/resourceGroups/hr-dev-rg-pptyls/providers/Microsoft.Network/applicationGateways/hr-dev-web-ag/httpListeners/hr-dev-vnet-lstn-http",
                "name": "hr-dev-vnet-lstn-http",
                "protocol": "Http",
                "require_sni": false,
                "ssl_certificate_id": "",
                "ssl_certificate_name": "",
                "ssl_profile_id": "",
                "ssl_profile_name": ""
              }
            ],
            "id": "/subscriptions/30ac425c-ea17-4b90-badf-2af77b724338/resourceGroups/hr-dev-rg-pptyls/providers/Microsoft.Network/applicationGateways/hr-dev-web-ag",
            "identity": [],
            "location": "centralus",
            "name": "hr-dev-web-ag",
            "private_endpoint_connection": [],
            "private_link_configuration": [],
            "probe": [
              {
                "host": "127.0.0.1",
                "id": "/subscriptions/30ac425c-ea17-4b90-badf-2af77b724338/resourceGroups/hr-dev-rg-pptyls/providers/Microsoft.Network/applicationGateways/hr-dev-web-ag/probes/hr-dev-vnet-be-probe-app1",
                "interval": 30,
                "match": [
                  {
                    "body": "Username",
                    "status_code": [
                      "200"
                    ]
                  }
                ],
                "minimum_servers": 0,
                "name": "hr-dev-vnet-be-probe-app1",
                "path": "/login",
                "pick_host_name_from_backend_http_settings": false,
                "port": 8080,
                "protocol": "Http",
                "timeout": 30,
                "unhealthy_threshold": 3
              }
            ],
            "redirect_configuration": [
              {
                "id": "/subscriptions/30ac425c-ea17-4b90-badf-2af77b724338/resourceGroups/hr-dev-rg-pptyls/providers/Microsoft.Network/applicationGateways/hr-dev-web-ag/redirectConfigurations/hr-dev-vnet-rdrcfg",
                "include_path": true,
                "include_query_string": true,
                "name": "hr-dev-vnet-rdrcfg",
                "redirect_type": "Permanent",
                "target_listener_id": "/subscriptions/30ac425c-ea17-4b90-badf-2af77b724338/resourceGroups/hr-dev-rg-pptyls/providers/Microsoft.Network/applicationGateways/hr-dev-web-ag/httpListeners/hr-dev-vnet-lstn-https",
                "target_listener_name": "hr-dev-vnet-lstn-https",
                "target_url": ""
              }
            ],
            "request_routing_rule": [
              {
                "backend_address_pool_id": "",
                "backend_address_pool_name": "",
                "backend_http_settings_id": "",
                "backend_http_settings_name": "",
                "http_listener_id": "/subscriptions/30ac425c-ea17-4b90-badf-2af77b724338/resourceGroups/hr-dev-rg-pptyls/providers/Microsoft.Network/applicationGateways/hr-dev-web-ag/httpListeners/hr-dev-vnet-lstn-http",
                "http_listener_name": "hr-dev-vnet-lstn-http",
                "id": "/subscriptions/30ac425c-ea17-4b90-badf-2af77b724338/resourceGroups/hr-dev-rg-pptyls/providers/Microsoft.Network/applicationGateways/hr-dev-web-ag/requestRoutingRules/hr-dev-vnet-rqrt-http",
                "name": "hr-dev-vnet-rqrt-http",
                "priority": 1,
                "redirect_configuration_id": "/subscriptions/30ac425c-ea17-4b90-badf-2af77b724338/resourceGroups/hr-dev-rg-pptyls/providers/Microsoft.Network/applicationGateways/hr-dev-web-ag/redirectConfigurations/hr-dev-vnet-rdrcfg",
                "redirect_configuration_name": "hr-dev-vnet-rdrcfg",
                "rewrite_rule_set_id": "",
                "rewrite_rule_set_name": "",
                "rule_type": "Basic",
                "url_path_map_id": "",
                "url_path_map_name": ""
              },
              {
                "backend_address_pool_id": "/subscriptions/30ac425c-ea17-4b90-badf-2af77b724338/resourceGroups/hr-dev-rg-pptyls/providers/Microsoft.Network/applicationGateways/hr-dev-web-ag/backendAddressPools/hr-dev-vnet-beap-app1",
                "backend_address_pool_name": "hr-dev-vnet-beap-app1",
                "backend_http_settings_id": "/subscriptions/30ac425c-ea17-4b90-badf-2af77b724338/resourceGroups/hr-dev-rg-pptyls/providers/Microsoft.Network/applicationGateways/hr-dev-web-ag/backendHttpSettingsCollection/hr-dev-vnet-be-htst-app1",
                "backend_http_settings_name": "hr-dev-vnet-be-htst-app1",
                "http_listener_id": "/subscriptions/30ac425c-ea17-4b90-badf-2af77b724338/resourceGroups/hr-dev-rg-pptyls/providers/Microsoft.Network/applicationGateways/hr-dev-web-ag/httpListeners/hr-dev-vnet-lstn-https",
                "http_listener_name": "hr-dev-vnet-lstn-https",
                "id": "/subscriptions/30ac425c-ea17-4b90-badf-2af77b724338/resourceGroups/hr-dev-rg-pptyls/providers/Microsoft.Network/applicationGateways/hr-dev-web-ag/requestRoutingRules/hr-dev-vnet-rqrt-https",
                "name": "hr-dev-vnet-rqrt-https",
                "priority": 2,
                "redirect_configuration_id": "",
                "redirect_configuration_name": "",
                "rewrite_rule_set_id": "",
                "rewrite_rule_set_name": "",
                "rule_type": "Basic",
                "url_path_map_id": "",
                "url_path_map_name": ""
              }
            ],
            "resource_group_name": "hr-dev-rg-pptyls",
            "rewrite_rule_set": [],
            "sku": [
              {
                "capacity": 0,
                "name": "Standard_v2",
                "tier": "Standard_v2"
              }
            ],
            "ssl_certificate": [
              {
                "data": "MIIKEQIBAzCCCdcGCSqGSIb3DQEHAaCCCcgEggnEMIIJwDCCBHcGCSqGSIb3DQEHBqCCBGgwggRkAgEAMIIEXQYJKoZIhvcNAQcBMBwGCiqGSIb3DQEMAQYwDgQIzK0b1CG9JT8CAggAgIIEMMuBEpxEt2RWdvH+xxgLIPeMTtTtJQeXAjxZF63fFNMWCBASFUEqdBhG38VtotXrXHFXc6lkItj8MukZcHZWqZs0pgePIxSXxlX1p+N1A2C2dP0OjX+sRde7skie8jApgkr3q06REYuvTwZR/fQT21io/FaMKjr149EXbR+iaA98WM3bXETO5xk2QouPY6gW+9RPgOevEQa7tnGiucTLZXdhCV95+1OWZD+7uaj7j2SJtmXJ6xEUMYNq425CUacPX4383lTB3HhS31ak0WuuZNMH+2FK3Cp+SYJSCu5s/vfRgIlKl6ToIcT+i5kUTQCfVnZ4lFvd5Hg9zp7ZWxmpwQgtJDWnr99quNa9Ifhdf0pRAlZHYFrJJBJfnKyrMhO3TXif3tNPDO4qsXgwTBEfGWHDCRRPwWq/yflT8ezPAL4WCPHDpV0qZzCQe3OudGwja2jl6nCD1ZsXgI/TFxKdLp90pKWw4xPCVK0OFZueXvux4/+P1Ggws9CyRHh2v6XJ0vLhKK9afGHc40rla+lBzM24gmS9d1oRWVtrElGALVbOSGXWnLAkcZMhQQA59EA6CBi7WoOnh/jO+louhdgXQdZ8mNfD3DPSJ5hiEMzX+1OH6WwTGwqt5Uebyh2w065hxpjQTUmlVp2lZn/7Gb/laBionMJyAHXaQ6QDYrZLD4BS1c66PIZ1zrLwAEI2C+JCnjIhmXYGs2qK7WxPaixGkq9mRcMPZH/P+opoi66ChwDgN1Ah7IyKHpJwCtQUDwz84ibkY0nm5qFZm1x4NuBeADOQ6WO0HQqSwYkbtJ/NkODRTMxrSmDEC8Dvu5oJypxqi4NwkFfyBr3cZVrPLcRqwl0Nmp4KkO96Nmq3dttAXIFiaip8b0cmcr10v+cRxfcdgPezJ2u8SaCIVxjDoiG7xblaGDDPnrG/z7Q7EtdF4WE3AASRjsze19glvytYwnArFG2BlP8MlQTDQKain5jvjuJ5PW+o0b3Ul8LSSQmqo+AH0HBzxzjvZyebzytfXRoLf28uXlJ1fxmCyjTa5acUg86r2ypyVWnSSXI1uNIqLaJ76S/w2YMrCqmxB7rGhkoXpriwXWkTCutUQxIpQwAMS7In5JdNZTYnQmWcO3AgX6T1uVvPXlM6B5yuMv7zhoiv3IwNojqwpg7Jj7OsqwOnKs68uefFbbbDwExyogt8OFmEg3tQV0qFWWzpKqBnBvFOUAj+OODyjU4UwJ//KSsRR5+rRz0UIAeDaU2c5FvFPJgfVjvciusDDMW/xHAbFCHlObj+5oiKR5UR4okKJwUL7fW/H6ke/NmzoLpTfr0k838iKv+Dw+oYUUKi7DyjR5qsurUVv4Xen+3QDhcOfKK8HASEBN31QDCp8H3O8uOm0VaVBgxAI6fOUljrJxDc+vE5UopxeyoGPgf3Q+8NxPEfnXYwggVBBgkqhkiG9w0BBwGgggUyBIIFLjCCBSowggUmBgsqhkiG9w0BDAoBAqCCBO4wggTqMBwGCiqGSIb3DQEMAQMwDgQIqxDrzIEqbgACAggABIIEyLocUxa14qB//cHblkERhfw1PRqxIcRCj0A9ljuobarMf0hau+S+XIYuu+X67vUF4On79AGwCFyP4l6nN3vRtb289HKojzyxx201a0NGd4FWMSDL/Oo/CMDDgzs88xA+w3V2cCw+5axmARzEeSk9xkOcEJb7XH+Jn53nTYzsSLpo+61bAP/DwRIjypU30gpILhVuWGFU1BETns0AkLkDCVRovBub6vfaQcl7GYHxHWXXqBTXXTAKwVL1D1rG+hVFsZ84TumgbND+e7/5yKHhTK7W1wkRacRhH/AgEFluLU5eakwyLRQFDijbUpcIFJdv9iDXQXMODOcoRrCCNZJ38E0U4kWWN6YdmeTwvzXDG0ACM42R8zAdJ4WXjw6UYi87dVwMgDIttRzflQ/FUc4bF1/EjtJZ5rEOSWfpP415uMaUZJHz/lsGJPiGwGjeq1ZDdvi3cveP0v7XYt8aWmcm9cQ1qGSnS7H6FH8kAp3/+pfMuF6fTdg2Yx7KwiUx5SCrExXsXNVjhCNeVk8JbhXTFqxaC6jQgmqh1He3XTOWyz7sBoh6+gjXwmEXG9apU9sjblK/Iu/FLWhIx+bx6w2Yo03SdvBoTh4KtIYI2VrfhHVN+hHhkhRIlw3QOjWps5z/zfjOmBC+dABn3BKTnw1HyZQwfh3P+Z4B3rYVNdCqkn+euldC4JL+MNPpsRZ3SiB9Rx3l5zSMR84BrT6sCf8JVGyQuDkPB1Effnfk0SPlBYLNppix18qWN8nvTcWTLjEheqjbfDGLYDiOljp2PG3vyKZNLjC+mLzBMmS/QL+NZ06R8dVoKwQ30p5NimXb0wdA3+939uKThhlevJ+m6b3PsmmArxvBM4KB8Tfpn5YSYEpBtfetrupdTb7/juuUe3kBCAK3L6LTefD/7eaN2xA+cpA/iIedBjMTuJspTfSA8M4JipqSuQ79W0PI7Vg/mUdGDoOXIm59GormV2VNqNOserMOf55c423Dir5RFu6Ahl18CBLASUKS2DpRn7uA+ux9PirsCuRvkd/DEZWd0kSWp8biPao/llkIVYQ3D6UvxpWrZ5Wcr99jWw3QAI5APEuZJ2qK8Z/GS3JN8Jg+syohx+QnsYrI6X+SQ6vI2PqroVuwQ3EPDlOSfKcv5LO1f/N7Am2uNTkqPPH3KK9v7t3xhC5RsxTaOSWMbwdITbM+8UWRSqfO7hEESorK7AaVqRE9yRyRGn+T3QEf7DZOaBBjidosqpX7ozKEjggt5nXGPXo8ujDyn9sun+KDee2NDyValdSp8JLC/lBG9booQN09qiXDxYEh+3GZPflmOX1ikeCulIbGDZthK2BzqR053FiqM3RX+tK2xZwcpRjTggzhinNexFp4B+7mkPrkRGlpJKq/J2I5YGpRPxSMXNHCK/BebvN6ye2A8xDfrtTrLv/zlSbdZjYYFdLskHsZl8AIzzQgUqESrcSSThInpEyKHwvLmThVpgozoEa5dJBWam05b86YMbXa//P91osQNuwXpTll8JECX0FymJ6RRwHa8wkkd+CGkrV9ZMOuwym7NUXviet0+OmFRwMX2FTB/Ui51xxO7WWiowcl+Oz3myDVPHo9iIWTahCQnnyGd6uiXZNfmfRz5HdndyVbxjElMCMGCSqGSIb3DQEJFTEWBBQxvLCQAZjMEPiHAOwP6M6qR+DrYDAxMCEwCQYFKw4DAhoFAAQUqu7KLWy3BZLN2CwxysOB/YosrvAECL4jqjAnXUbpAgIIAA==",
                "id": "/subscriptions/30ac425c-ea17-4b90-badf-2af77b724338/resourceGroups/hr-dev-rg-pptyls/providers/Microsoft.Network/applicationGateways/hr-dev-web-ag/sslCertificates/my-cert-1",
                "key_vault_secret_id": "",
                "name": "my-cert-1",
                "password": "kalyan",
                "public_cert_data": "MIID/wYJKoZIhvcNAQcCoIID8DCCA+wCAQExADALBgkqhkiG9w0BBwGgggPUMIID0DCCArgCCQDwv2T24HGlpTANBgkqhkiG9w0BAQsFADCBqTELMAkGA1UEBhMCSU4xEjAQBgNVBAgMCVRlbGFuZ2FuYTESMBAGA1UEBwwJSHlkZXJhYmFkMRYwFAYDVQQKDA1zdGFja3NpbXBsaWZ5MRYwFAYDVQQLDA1DbG91ZCBDb3Vyc2VzMRowGAYDVQQDDBF0ZXJyYWZvcm1ndXJ1LmNvbTEmMCQGCSqGSIb3DQEJARYXc3RhY2tzaW1wbGlmeUBnbWFpbC5jb20wHhcNMjEwODI0MDk0MTM4WhcNNDEwODE5MDk0MTM4WjCBqTELMAkGA1UEBhMCSU4xEjAQBgNVBAgMCVRlbGFuZ2FuYTESMBAGA1UEBwwJSHlkZXJhYmFkMRYwFAYDVQQKDA1zdGFja3NpbXBsaWZ5MRYwFAYDVQQLDA1DbG91ZCBDb3Vyc2VzMRowGAYDVQQDDBF0ZXJyYWZvcm1ndXJ1LmNvbTEmMCQGCSqGSIb3DQEJARYXc3RhY2tzaW1wbGlmeUBnbWFpbC5jb20wggEiMA0GCSqGSIb3DQEBAQUAA4IBDwAwggEKAoIBAQCwnXEljmBMbzqi5ips5nNwAUOYRrPe5rXlTzAvxjF28OCHqbYyPex9CQK2QyNLfZgNcclB0XaiaCATU6w1jFFhdUMPHkyb41N/RG7EewuHSWFA77XviV3HVKmJpDQ6HzqIY1UT9nxSncGlLbnEb4NkoX8/FqvZhkHEY3hzw71xevMSvmr+3llyYnkLLekiEY5snWuQSR1E8vXRxXAIKyz3Bo6KHi9f4nCkbGK+VLOCspPJLdr7kPCCN1fA8D0DL+dAKxLAdG7mL3sE97wEKVK0nK2pcnqTlExrzVgOWMrqJP9o3ZxVvGooUjA0WGXUwWBXLsFwz6YXJI9liOaOjszLAgMBAAEwDQYJKoZIhvcNAQELBQADggEBACRdaWF3KPbc1VVZ3fl9ew0KV4E9XtNa53IXgoUQIabV5/1TItasgiu47gEp1PTOjZ98xSfxqTGZuFtqxzk8SML3i/+tbnBuSZGNVSktxeFxEuXCI5aSejHn6mW7ZkGW2FuxCi8TYJO4sHxfje5qv1cecDJXwsEmzHeoufpJoaC5gqOGpEvaaJ9Cz2tpjBq2+xBqklQt7lSOr+6ZIuvlibTHBzXYlIzMIcuUs2sc6AlLvpV2pv3sDpvLApNCwPzveeM0cfzqjXnN56A6RXWo3eQeswH70Rq8OYBO5zZPJpxqWVtNDaugwCjp4S/hgY68Vd1HPnjSik6lkle6LyTbWpIxAA=="
              }
            ],
            "ssl_policy": [
              {
                "cipher_suites": [],
                "disabled_protocols": [],
                "min_protocol_version": "",
                "policy_name": "AppGwSslPolicy20150501",
                "policy_type": "Predefined"
              }
            ],
            "ssl_profile": [],
            "tags": null,
            "timeouts": null,
            "trusted_client_certificate": [],
            "trusted_root_certificate": [],
            "url_path_map": [],
            "waf_configuration": [],
            "zones": null
          },
          "sensitive_attributes": [],
          "private": "eyJlMmJmYjczMC1lY2FhLTExZTYtOGY4OC0zNDM2M2JjN2M0YzAiOnsiY3JlYXRlIjo1NDAwMDAwMDAwMDAwLCJkZWxldGUiOjU0MDAwMDAwMDAwMDAsInJlYWQiOjMwMDAwMDAwMDAwMCwidXBkYXRlIjo1NDAwMDAwMDAwMDAwfX0=",
          "dependencies": [
            "azurerm_public_ip.web_ag_publicip",
            "azurerm_resource_group.rg",
            "azurerm_storage_account.storage_account",
            "azurerm_storage_blob.static_container_blob",
            "azurerm_subnet.agsubnet",
            "azurerm_virtual_network.vnet",
            "random_string.myrandom"
          ]
        }
      ]
    },
    {
      "mode": "managed",
      "type": "azurerm_linux_virtual_machine",
      "name": "bastion_host_linuxvm",
      "provider": "provider[\"registry.terraform.io/hashicorp/azurerm\"]",
      "instances": [
        {
          "schema_version": 0,
          "attributes": {
            "additional_capabilities": [],
            "admin_password": null,
            "admin_ssh_key": [
              {
                "public_key": "ssh-rsa AAAAB3NzaC1yc2EAAAADAQABAAACAQCxA6mEMrD7t6WV9VkWDiNLLtfJo9Fjiq9BQ0QSST1lfz6khwr7ALrjddDSVELMqtDsey7otyz+GvsXYN5Pw2/aR50ym5ft7Plz7f2YmTEzhSBa5nAnin1HnGFQwiYsYF25qdUsNDvkLrkWs8Nn2n7wGT8hmrRK+NROWNb4Jl7fqdiHdmd2xbWQNMIZ3D6rjFF2rVpmTHaK7w6P1ZwWRdjH+6rcFOdS1O76zctpoVPcZ3731FxHnsBwUEucAbVdT9oKefwCsgsF8IUeKMAdHexkpB6OO/7DU4sy22yByrHBsv+e2KBAFSRNwom4Fa+kpy3iMlMklysJDtAF9Ob6EqDXuKEyFdis8rbND1byN4H/kKw9nDsLqIW3KjoUf/hBHafLbElKSsq8kRZKTHPhzVIHKfOJhX2lsOW2s2X/RnNrb1cDTqZQanqNIk/umnJZR8hG87CbxOyni04xFp89OqbRl7Pnm7+efqGVYA5wLk7EnwHnj9uI+Yxz2HyBW7Y645pNt8WuwiEabcyHe+ht40Sx8XVAayCoaA6RhZjMGP4xykBf3i7Is9VlrwgjcrYbrwJo5aF/4x7pP+6SgNKnAi39JGL1kzEHVu5FJiHxJqd8/fYNlKz+I9/e+b1IZgQchelsUPG8SYtU7/6wi70xw4fvaEkwFYRDaF1SowqDBggnFw== azureuser@myserver\n",
                "username": "azureuser"
              }
            ],
            "admin_username": "azureuser",
            "allow_extension_operations": true,
            "availability_set_id": "",
            "boot_diagnostics": [],
            "computer_name": "hr-dev-bastion-linuxvm",
            "custom_data": "IyEvYmluL3NoCiNzdWRvIHl1bSB1cGRhdGUgLXkKc3VkbyB5dW0gLXkgaW5zdGFsbCB0ZWxuZXQKc3VkbyB5dW0gLXkgaW5zdGFsbCBteXNxbApzdWRvIHl1bSBpbnN0YWxsIC15IGh0dHBkCnN1ZG8gc3lzdGVtY3RsIGVuYWJsZSBodHRwZApzdWRvIHN5c3RlbWN0bCBzdGFydCBodHRwZCAgCnN1ZG8gc3lzdGVtY3RsIHN0b3AgZmlyZXdhbGxkCnN1ZG8gc3lzdGVtY3RsIGRpc2FibGUgZmlyZXdhbGxkCnN1ZG8geXVtIGluc3RhbGwgLXkgdGVsbmV0CnN1ZG8gY2htb2QgLVIgNzc3IC92YXIvd3d3L2h0bWwgCnN1ZG8gZWNobyAiV2VsY29tZSB0byBURiAtIEJhc3Rpb24gSG9zdCAtIFZNIEhvc3RuYW1lOiAkKGhvc3RuYW1lKSIgPiAvdmFyL3d3dy9odG1sL2luZGV4Lmh0bWwK",
            "dedicated_host_group_id": "",
            "dedicated_host_id": "",
            "disable_password_authentication": true,
            "edge_zone": "",
            "encryption_at_host_enabled": false,
            "eviction_policy": "",
            "extensions_time_budget": "PT1H30M",
            "id": "/subscriptions/30ac425c-ea17-4b90-badf-2af77b724338/resourceGroups/hr-dev-rg-pptyls/providers/Microsoft.Compute/virtualMachines/hr-dev-bastion-linuxvm",
            "identity": [],
            "license_type": "",
            "location": "centralus",
            "max_bid_price": -1,
            "name": "hr-dev-bastion-linuxvm",
            "network_interface_ids": [
              "/subscriptions/30ac425c-ea17-4b90-badf-2af77b724338/resourceGroups/hr-dev-rg-pptyls/providers/Microsoft.Network/networkInterfaces/hr-dev-bastion-host-linuxvm-nic"
            ],
            "os_disk": [
              {
                "caching": "ReadWrite",
                "diff_disk_settings": [],
                "disk_encryption_set_id": "",
                "disk_size_gb": 64,
                "name": "hr-dev-bastion-linuxvm_OsDisk_1_2b62cd3330c344cf9cc7cbb6c5e3856e",
                "secure_vm_disk_encryption_set_id": "",
                "security_encryption_type": "",
                "storage_account_type": "Standard_LRS",
                "write_accelerator_enabled": false
              }
            ],
            "patch_mode": "ImageDefault",
            "plan": [],
            "platform_fault_domain": -1,
            "priority": "Regular",
            "private_ip_address": "10.1.100.4",
            "private_ip_addresses": [
              "10.1.100.4"
            ],
            "provision_vm_agent": true,
            "proximity_placement_group_id": "",
            "public_ip_address": "52.173.104.30",
            "public_ip_addresses": [
              "52.173.104.30"
            ],
            "resource_group_name": "hr-dev-rg-pptyls",
            "secret": [],
            "secure_boot_enabled": false,
            "size": "Standard_DS1_v2",
            "source_image_id": "",
            "source_image_reference": [
              {
                "offer": "RHEL",
                "publisher": "RedHat",
                "sku": "83-gen2",
                "version": "latest"
              }
            ],
            "tags": null,
            "termination_notification": null,
            "timeouts": null,
            "user_data": "",
            "virtual_machine_id": "d4e93414-8494-4006-99d1-527591de0bd4",
            "virtual_machine_scale_set_id": "",
            "vtpm_enabled": false,
            "zone": ""
          },
          "sensitive_attributes": [],
          "private": "eyJlMmJmYjczMC1lY2FhLTExZTYtOGY4OC0zNDM2M2JjN2M0YzAiOnsiY3JlYXRlIjoyNzAwMDAwMDAwMDAwLCJkZWxldGUiOjI3MDAwMDAwMDAwMDAsInJlYWQiOjMwMDAwMDAwMDAwMCwidXBkYXRlIjoyNzAwMDAwMDAwMDAwfX0=",
          "dependencies": [
            "azurerm_network_interface.bastion_host_linuxvm_nic",
            "azurerm_public_ip.bastion_host_publicip",
            "azurerm_resource_group.rg",
            "azurerm_subnet.bastionsubnet",
            "azurerm_virtual_network.vnet",
            "random_string.myrandom"
          ]
        }
      ]
    },
    {
      "mode": "managed",
      "type": "azurerm_linux_virtual_machine_scale_set",
      "name": "web_vmss",
      "provider": "provider[\"registry.terraform.io/hashicorp/azurerm\"]",
      "instances": [
        {
          "schema_version": 0,
          "attributes": {
            "additional_capabilities": [],
            "admin_password": null,
            "admin_ssh_key": [
              {
                "public_key": "ssh-rsa AAAAB3NzaC1yc2EAAAADAQABAAACAQCxA6mEMrD7t6WV9VkWDiNLLtfJo9Fjiq9BQ0QSST1lfz6khwr7ALrjddDSVELMqtDsey7otyz+GvsXYN5Pw2/aR50ym5ft7Plz7f2YmTEzhSBa5nAnin1HnGFQwiYsYF25qdUsNDvkLrkWs8Nn2n7wGT8hmrRK+NROWNb4Jl7fqdiHdmd2xbWQNMIZ3D6rjFF2rVpmTHaK7w6P1ZwWRdjH+6rcFOdS1O76zctpoVPcZ3731FxHnsBwUEucAbVdT9oKefwCsgsF8IUeKMAdHexkpB6OO/7DU4sy22yByrHBsv+e2KBAFSRNwom4Fa+kpy3iMlMklysJDtAF9Ob6EqDXuKEyFdis8rbND1byN4H/kKw9nDsLqIW3KjoUf/hBHafLbElKSsq8kRZKTHPhzVIHKfOJhX2lsOW2s2X/RnNrb1cDTqZQanqNIk/umnJZR8hG87CbxOyni04xFp89OqbRl7Pnm7+efqGVYA5wLk7EnwHnj9uI+Yxz2HyBW7Y645pNt8WuwiEabcyHe+ht40Sx8XVAayCoaA6RhZjMGP4xykBf3i7Is9VlrwgjcrYbrwJo5aF/4x7pP+6SgNKnAi39JGL1kzEHVu5FJiHxJqd8/fYNlKz+I9/e+b1IZgQchelsUPG8SYtU7/6wi70xw4fvaEkwFYRDaF1SowqDBggnFw== azureuser@myserver\n",
                "username": "azureuser"
              }
            ],
            "admin_username": "azureuser",
            "automatic_instance_repair": [
              {
                "enabled": false,
                "grace_period": "PT30M"
              }
            ],
            "automatic_os_upgrade_policy": [],
            "boot_diagnostics": [],
            "computer_name_prefix": "hr-dev-web-vmss",
            "custom_data": "IyEvYmluL3NoCiNzdWRvIHl1bSB1cGRhdGUgLXkKIyBTdG9wIEZpcmV3YWxsIGFuZCBEaXNhYmxlIGl0CnN1ZG8gc3lzdGVtY3RsIHN0b3AgZmlyZXdhbGxkCnN1ZG8gc3lzdGVtY3RsIGRpc2FibGUgZmlyZXdhbGxkCgojIEphdmEgQXBwIEluc3RhbGwKc3VkbyB5dW0gLXkgaW5zdGFsbCBqYXZhLTExLW9wZW5qZGsKc3VkbyB5dW0gLXkgaW5zdGFsbCB0ZWxuZXQKc3VkbyB5dW0gLXkgaW5zdGFsbCBteXNxbApta2RpciAvaG9tZS9henVyZXVzZXIvYXBwMy11c2VybWdtdCAmJiBjZCAvaG9tZS9henVyZXVzZXIvYXBwMy11c2VybWdtdAp3Z2V0IGh0dHBzOi8vZ2l0aHViLmNvbS9zdGFja3NpbXBsaWZ5L3RlbXAxL3JlbGVhc2VzL2Rvd25sb2FkLzEuMC4wL3VzZXJtZ210LXdlYmFwcC53YXIgLVAgL2hvbWUvYXp1cmV1c2VyL2FwcDMtdXNlcm1nbXQgCmV4cG9ydCBEQl9IT1NUTkFNRT1oci1kZXYtbXlzcWwubXlzcWwuZGF0YWJhc2UuYXp1cmUuY29tCmV4cG9ydCBEQl9QT1JUPTMzMDYKZXhwb3J0IERCX05BTUU9d2ViYXBwZGIKZXhwb3J0IERCX1VTRVJOQU1FPSJkYmFkbWluQGhyLWRldi1teXNxbC5teXNxbC5kYXRhYmFzZS5henVyZS5jb20iCmV4cG9ydCBEQl9QQVNTV09SRD1IQFNoMUNvUjMhCmphdmEgLWphciAvaG9tZS9henVyZXVzZXIvYXBwMy11c2VybWdtdC91c2VybWdtdC13ZWJhcHAud2FyID4gL2hvbWUvYXp1cmV1c2VyL2FwcDMtdXNlcm1nbXQvdW1zLXN0YXJ0LmxvZyAmCg==",
            "data_disk": [],
            "disable_password_authentication": true,
            "do_not_run_extensions_on_overprovisioned_machines": false,
            "edge_zone": "",
            "encryption_at_host_enabled": false,
            "eviction_policy": "",
            "extension": [],
            "extensions_time_budget": "PT1H30M",
            "health_probe_id": "",
            "id": "/subscriptions/30ac425c-ea17-4b90-badf-2af77b724338/resourceGroups/hr-dev-rg-pptyls/providers/Microsoft.Compute/virtualMachineScaleSets/hr-dev-web-vmss",
            "identity": [],
            "instances": 2,
            "location": "centralus",
            "max_bid_price": -1,
            "name": "hr-dev-web-vmss",
            "network_interface": [
              {
                "dns_servers": null,
                "enable_accelerated_networking": false,
                "enable_ip_forwarding": false,
                "ip_configuration": [
                  {
                    "application_gateway_backend_address_pool_ids": null,
                    "application_security_group_ids": null,
                    "load_balancer_backend_address_pool_ids": null,
                    "load_balancer_inbound_nat_rules_ids": null,
                    "name": "internal",
                    "primary": true,
                    "public_ip_address": [],
                    "subnet_id": "/subscriptions/30ac425c-ea17-4b90-badf-2af77b724338/resourceGroups/hr-dev-rg-pptyls/providers/Microsoft.Network/virtualNetworks/hr-dev-vnet/subnets/hr-dev-vnet-websubnet",
                    "version": "IPv4"
                  }
                ],
                "name": "web-vmss-nic",
                "network_security_group_id": "/subscriptions/30ac425c-ea17-4b90-badf-2af77b724338/resourceGroups/hr-dev-rg-pptyls/providers/Microsoft.Network/networkSecurityGroups/hr-dev-web-vmss-nsg",
                "primary": true
              }
            ],
            "os_disk": [
              {
                "caching": "ReadWrite",
                "diff_disk_settings": [],
                "disk_encryption_set_id": "",
                "disk_size_gb": 64,
                "secure_vm_disk_encryption_set_id": "",
                "security_encryption_type": "",
                "storage_account_type": "Standard_LRS",
                "write_accelerator_enabled": false
              }
            ],
            "overprovision": true,
            "plan": [],
            "platform_fault_domain_count": 0,
            "priority": "Regular",
            "provision_vm_agent": true,
            "proximity_placement_group_id": "",
            "resource_group_name": "hr-dev-rg-pptyls",
            "rolling_upgrade_policy": [],
            "scale_in_policy": "Default",
            "secret": [],
            "secure_boot_enabled": false,
            "single_placement_group": true,
            "sku": "Standard_DS1_v2",
            "source_image_id": "",
            "source_image_reference": [
              {
                "offer": "RHEL",
                "publisher": "RedHat",
                "sku": "83-gen2",
                "version": "latest"
              }
            ],
            "tags": null,
            "terminate_notification": null,
            "termination_notification": null,
            "timeouts": null,
            "unique_id": "80f74c6b-7694-4f0e-9776-efb5ca0cdb97",
            "upgrade_mode": "Automatic",
            "user_data": "",
            "vtpm_enabled": false,
            "zone_balance": false,
            "zones": null
          },
          "sensitive_attributes": [
            [
              {
                "type": "get_attr",
                "value": "custom_data"
              }
            ]
          ],
          "private": "eyJlMmJmYjczMC1lY2FhLTExZTYtOGY4OC0zNDM2M2JjN2M0YzAiOnsiY3JlYXRlIjozNjAwMDAwMDAwMDAwLCJkZWxldGUiOjM2MDAwMDAwMDAwMDAsInJlYWQiOjMwMDAwMDAwMDAwMCwidXBkYXRlIjozNjAwMDAwMDAwMDAwfX0=",
          "dependencies": [
            "azurerm_mysql_database.webappdb",
            "azurerm_mysql_server.mysql_server",
            "azurerm_mysql_virtual_network_rule.mysql_virtual_network_rule",
            "azurerm_network_security_group.web_vmss_nsg",
            "azurerm_resource_group.rg",
            "azurerm_subnet.websubnet",
            "azurerm_virtual_network.vnet",
            "random_string.myrandom"
          ]
        }
      ]
    },
    {
      "mode": "managed",
      "type": "azurerm_monitor_autoscale_setting",
      "name": "web_vmss_autoscale",
      "provider": "provider[\"registry.terraform.io/hashicorp/azurerm\"]",
      "instances": [
        {
          "schema_version": 1,
          "attributes": {
            "enabled": true,
            "id": "/subscriptions/30ac425c-ea17-4b90-badf-2af77b724338/resourceGroups/hr-dev-rg-pptyls/providers/Microsoft.Insights/autoscaleSettings/hr-dev-web-vmss-autoscale-profiles",
            "location": "centralus",
            "name": "hr-dev-web-vmss-autoscale-profiles",
            "notification": [
              {
                "email": [
                  {
                    "custom_emails": [
                      "myadminteam@ourorg.com"
                    ],
                    "send_to_subscription_administrator": true,
                    "send_to_subscription_co_administrator": true
                  }
                ],
                "webhook": []
              }
            ],
            "profile": [
              {
                "capacity": [
                  {
                    "default": 2,
                    "maximum": 6,
                    "minimum": 2
                  }
                ],
                "fixed_date": [],
                "name": "default",
                "recurrence": [],
                "rule": [
                  {
                    "metric_trigger": [
                      {
                        "dimensions": [],
                        "divide_by_instance_count": false,
                        "metric_name": "Percentage CPU",
                        "metric_namespace": "microsoft.compute/virtualmachinescalesets",
                        "metric_resource_id": "/subscriptions/30ac425c-ea17-4b90-badf-2af77b724338/resourceGroups/hr-dev-rg-pptyls/providers/Microsoft.Compute/virtualMachineScaleSets/hr-dev-web-vmss",
                        "operator": "GreaterThan",
                        "statistic": "Average",
                        "threshold": 75,
                        "time_aggregation": "Average",
                        "time_grain": "PT1M",
                        "time_window": "PT5M"
                      }
                    ],
                    "scale_action": [
                      {
                        "cooldown": "PT5M",
                        "direction": "Increase",
                        "type": "ChangeCount",
                        "value": 1
                      }
                    ]
                  },
                  {
                    "metric_trigger": [
                      {
                        "dimensions": [],
                        "divide_by_instance_count": false,
                        "metric_name": "Percentage CPU",
                        "metric_namespace": "microsoft.compute/virtualmachinescalesets",
                        "metric_resource_id": "/subscriptions/30ac425c-ea17-4b90-badf-2af77b724338/resourceGroups/hr-dev-rg-pptyls/providers/Microsoft.Compute/virtualMachineScaleSets/hr-dev-web-vmss",
                        "operator": "LessThan",
                        "statistic": "Average",
                        "threshold": 25,
                        "time_aggregation": "Average",
                        "time_grain": "PT1M",
                        "time_window": "PT5M"
                      }
                    ],
                    "scale_action": [
                      {
                        "cooldown": "PT5M",
                        "direction": "Decrease",
                        "type": "ChangeCount",
                        "value": 1
                      }
                    ]
                  },
                  {
                    "metric_trigger": [
                      {
                        "dimensions": [],
                        "divide_by_instance_count": false,
                        "metric_name": "Available Memory Bytes",
                        "metric_namespace": "microsoft.compute/virtualmachinescalesets",
                        "metric_resource_id": "/subscriptions/30ac425c-ea17-4b90-badf-2af77b724338/resourceGroups/hr-dev-rg-pptyls/providers/Microsoft.Compute/virtualMachineScaleSets/hr-dev-web-vmss",
                        "operator": "LessThan",
                        "statistic": "Average",
                        "threshold": 1073741824,
                        "time_aggregation": "Average",
                        "time_grain": "PT1M",
                        "time_window": "PT5M"
                      }
                    ],
                    "scale_action": [
                      {
                        "cooldown": "PT5M",
                        "direction": "Increase",
                        "type": "ChangeCount",
                        "value": 1
                      }
                    ]
                  },
                  {
                    "metric_trigger": [
                      {
                        "dimensions": [],
                        "divide_by_instance_count": false,
                        "metric_name": "Available Memory Bytes",
                        "metric_namespace": "microsoft.compute/virtualmachinescalesets",
                        "metric_resource_id": "/subscriptions/30ac425c-ea17-4b90-badf-2af77b724338/resourceGroups/hr-dev-rg-pptyls/providers/Microsoft.Compute/virtualMachineScaleSets/hr-dev-web-vmss",
                        "operator": "GreaterThan",
                        "statistic": "Average",
                        "threshold": 2147483648,
                        "time_aggregation": "Average",
                        "time_grain": "PT1M",
                        "time_window": "PT5M"
                      }
                    ],
                    "scale_action": [
                      {
                        "cooldown": "PT5M",
                        "direction": "Decrease",
                        "type": "ChangeCount",
                        "value": 1
                      }
                    ]
                  }
                ]
              }
            ],
            "resource_group_name": "hr-dev-rg-pptyls",
            "tags": null,
            "target_resource_id": "/subscriptions/30ac425c-ea17-4b90-badf-2af77b724338/resourceGroups/hr-dev-rg-pptyls/providers/Microsoft.Compute/virtualMachineScaleSets/hr-dev-web-vmss",
            "timeouts": null
          },
          "sensitive_attributes": [],
          "private": "eyJlMmJmYjczMC1lY2FhLTExZTYtOGY4OC0zNDM2M2JjN2M0YzAiOnsiY3JlYXRlIjoxODAwMDAwMDAwMDAwLCJkZWxldGUiOjE4MDAwMDAwMDAwMDAsInJlYWQiOjMwMDAwMDAwMDAwMCwidXBkYXRlIjoxODAwMDAwMDAwMDAwfSwic2NoZW1hX3ZlcnNpb24iOiIxIn0=",
          "dependencies": [
            "azurerm_linux_virtual_machine_scale_set.web_vmss",
            "azurerm_mysql_database.webappdb",
            "azurerm_mysql_server.mysql_server",
            "azurerm_mysql_virtual_network_rule.mysql_virtual_network_rule",
            "azurerm_network_security_group.web_vmss_nsg",
            "azurerm_resource_group.rg",
            "azurerm_subnet.websubnet",
            "azurerm_virtual_network.vnet",
            "random_string.myrandom"
          ]
        }
      ]
    },
    {
      "mode": "managed",
      "type": "azurerm_mysql_database",
      "name": "webappdb",
      "provider": "provider[\"registry.terraform.io/hashicorp/azurerm\"]",
      "instances": [
        {
          "schema_version": 0,
          "attributes": {
            "charset": "utf8",
            "collation": "utf8_unicode_ci",
            "id": "/subscriptions/30ac425c-ea17-4b90-badf-2af77b724338/resourceGroups/hr-dev-rg-pptyls/providers/Microsoft.DBforMySQL/servers/hr-dev-mysql/databases/webappdb",
            "name": "webappdb",
            "resource_group_name": "hr-dev-rg-pptyls",
            "server_name": "hr-dev-mysql",
            "timeouts": null
          },
          "sensitive_attributes": [],
          "private": "eyJlMmJmYjczMC1lY2FhLTExZTYtOGY4OC0zNDM2M2JjN2M0YzAiOnsiY3JlYXRlIjozNjAwMDAwMDAwMDAwLCJkZWxldGUiOjM2MDAwMDAwMDAwMDAsInJlYWQiOjMwMDAwMDAwMDAwMCwidXBkYXRlIjozNjAwMDAwMDAwMDAwfX0=",
          "dependencies": [
            "azurerm_mysql_server.mysql_server",
            "azurerm_resource_group.rg",
            "random_string.myrandom"
          ]
        }
      ]
    },
    {
      "mode": "managed",
      "type": "azurerm_mysql_database",
      "name": "wordpress",
      "provider": "provider[\"registry.terraform.io/hashicorp/azurerm\"]",
      "instances": [
        {
          "schema_version": 0,
          "attributes": {
            "charset": "utf8",
            "collation": "utf8_unicode_ci",
            "id": "/subscriptions/30ac425c-ea17-4b90-badf-2af77b724338/resourceGroups/hr-dev-rg-pptyls/providers/Microsoft.DBforMySQL/servers/wordpress-mysql-server-new/databases/wordpress-mysql-db",
            "name": "wordpress-mysql-db",
            "resource_group_name": "hr-dev-rg-pptyls",
            "server_name": "wordpress-mysql-server-new",
            "timeouts": null
          },
          "sensitive_attributes": [],
          "private": "eyJlMmJmYjczMC1lY2FhLTExZTYtOGY4OC0zNDM2M2JjN2M0YzAiOnsiY3JlYXRlIjozNjAwMDAwMDAwMDAwLCJkZWxldGUiOjM2MDAwMDAwMDAwMDAsInJlYWQiOjMwMDAwMDAwMDAwMCwidXBkYXRlIjozNjAwMDAwMDAwMDAwfX0=",
          "dependencies": [
            "azurerm_mysql_server.wordpress",
            "azurerm_resource_group.rg",
            "random_string.myrandom"
          ]
        }
      ]
    },
    {
      "mode": "managed",
      "type": "azurerm_mysql_firewall_rule",
      "name": "mysql_fw_rule",
      "provider": "provider[\"registry.terraform.io/hashicorp/azurerm\"]",
      "instances": [
        {
          "schema_version": 0,
          "attributes": {
            "end_ip_address": "52.173.104.30",
            "id": "/subscriptions/30ac425c-ea17-4b90-badf-2af77b724338/resourceGroups/hr-dev-rg-pptyls/providers/Microsoft.DBforMySQL/servers/hr-dev-mysql/firewallRules/allow-access-from-bastionhost-publicip",
            "name": "allow-access-from-bastionhost-publicip",
            "resource_group_name": "hr-dev-rg-pptyls",
            "server_name": "hr-dev-mysql",
            "start_ip_address": "52.173.104.30",
            "timeouts": null
          },
          "sensitive_attributes": [],
          "private": "eyJlMmJmYjczMC1lY2FhLTExZTYtOGY4OC0zNDM2M2JjN2M0YzAiOnsiY3JlYXRlIjoxODAwMDAwMDAwMDAwLCJkZWxldGUiOjE4MDAwMDAwMDAwMDAsInJlYWQiOjMwMDAwMDAwMDAwMCwidXBkYXRlIjoxODAwMDAwMDAwMDAwfX0=",
          "dependencies": [
            "azurerm_mysql_server.mysql_server",
            "azurerm_public_ip.bastion_host_publicip",
            "azurerm_resource_group.rg",
            "random_string.myrandom"
          ]
        }
      ]
    },
    {
      "mode": "managed",
      "type": "azurerm_mysql_firewall_rule",
      "name": "wordpress",
      "provider": "provider[\"registry.terraform.io/hashicorp/azurerm\"]",
      "instances": [
        {
          "schema_version": 0,
          "attributes": {
            "end_ip_address": "52.173.104.162",
            "id": "/subscriptions/30ac425c-ea17-4b90-badf-2af77b724338/resourceGroups/hr-dev-rg-pptyls/providers/Microsoft.DBforMySQL/servers/wordpress-mysql-server-new/firewallRules/wordpress-mysql-firewall-rule",
            "name": "wordpress-mysql-firewall-rule",
            "resource_group_name": "hr-dev-rg-pptyls",
            "server_name": "wordpress-mysql-server-new",
            "start_ip_address": "52.173.104.162",
            "timeouts": null
          },
          "sensitive_attributes": [],
          "private": "eyJlMmJmYjczMC1lY2FhLTExZTYtOGY4OC0zNDM2M2JjN2M0YzAiOnsiY3JlYXRlIjoxODAwMDAwMDAwMDAwLCJkZWxldGUiOjE4MDAwMDAwMDAwMDAsInJlYWQiOjMwMDAwMDAwMDAwMCwidXBkYXRlIjoxODAwMDAwMDAwMDAwfX0=",
          "dependencies": [
            "azurerm_mysql_server.wordpress",
            "azurerm_public_ip.web_ag_publicip",
            "azurerm_resource_group.rg",
            "random_string.myrandom"
          ]
        }
      ]
    },
    {
      "mode": "managed",
      "type": "azurerm_mysql_server",
      "name": "mysql_server",
      "provider": "provider[\"registry.terraform.io/hashicorp/azurerm\"]",
      "instances": [
        {
          "schema_version": 0,
          "attributes": {
            "administrator_login": "dbadmin",
            "administrator_login_password": "H@Sh1CoR3!",
            "auto_grow_enabled": true,
            "backup_retention_days": 7,
            "create_mode": "Default",
            "creation_source_server_id": null,
            "fqdn": "hr-dev-mysql.mysql.database.azure.com",
            "geo_redundant_backup_enabled": false,
            "id": "/subscriptions/30ac425c-ea17-4b90-badf-2af77b724338/resourceGroups/hr-dev-rg-pptyls/providers/Microsoft.DBforMySQL/servers/hr-dev-mysql",
            "identity": [],
            "infrastructure_encryption_enabled": false,
            "location": "centralus",
            "name": "hr-dev-mysql",
            "public_network_access_enabled": true,
            "resource_group_name": "hr-dev-rg-pptyls",
            "restore_point_in_time": null,
            "sku_name": "GP_Gen5_2",
            "ssl_enforcement_enabled": false,
            "ssl_minimal_tls_version_enforced": "TLSEnforcementDisabled",
            "storage_mb": 5120,
            "tags": null,
            "threat_detection_policy": [],
            "timeouts": null,
            "version": "8.0"
          },
          "sensitive_attributes": [
            [
              {
                "type": "get_attr",
                "value": "administrator_login_password"
              }
            ]
          ],
          "private": "eyJlMmJmYjczMC1lY2FhLTExZTYtOGY4OC0zNDM2M2JjN2M0YzAiOnsiY3JlYXRlIjozNjAwMDAwMDAwMDAwLCJkZWxldGUiOjM2MDAwMDAwMDAwMDAsInJlYWQiOjMwMDAwMDAwMDAwMCwidXBkYXRlIjozNjAwMDAwMDAwMDAwfX0=",
          "dependencies": [
            "azurerm_resource_group.rg",
            "random_string.myrandom"
          ]
        }
      ]
    },
    {
      "mode": "managed",
      "type": "azurerm_mysql_server",
      "name": "wordpress",
      "provider": "provider[\"registry.terraform.io/hashicorp/azurerm\"]",
      "instances": [
        {
          "schema_version": 0,
          "attributes": {
            "administrator_login": "wordpress",
            "administrator_login_password": "w0rdpr3ss@p4ss",
            "auto_grow_enabled": false,
            "backup_retention_days": 7,
            "create_mode": "Default",
            "creation_source_server_id": null,
            "fqdn": "wordpress-mysql-server-new.mysql.database.azure.com",
            "geo_redundant_backup_enabled": false,
            "id": "/subscriptions/30ac425c-ea17-4b90-badf-2af77b724338/resourceGroups/hr-dev-rg-pptyls/providers/Microsoft.DBforMySQL/servers/wordpress-mysql-server-new",
            "identity": [],
            "infrastructure_encryption_enabled": false,
            "location": "centralus",
            "name": "wordpress-mysql-server-new",
            "public_network_access_enabled": true,
            "resource_group_name": "hr-dev-rg-pptyls",
            "restore_point_in_time": null,
            "sku_name": "B_Gen5_2",
            "ssl_enforcement_enabled": false,
            "ssl_minimal_tls_version_enforced": "TLSEnforcementDisabled",
            "storage_mb": 5120,
            "tags": null,
            "threat_detection_policy": [],
            "timeouts": null,
            "version": "8.0"
          },
          "sensitive_attributes": [
            [
              {
                "type": "get_attr",
                "value": "administrator_login_password"
              }
            ]
          ],
          "private": "eyJlMmJmYjczMC1lY2FhLTExZTYtOGY4OC0zNDM2M2JjN2M0YzAiOnsiY3JlYXRlIjozNjAwMDAwMDAwMDAwLCJkZWxldGUiOjM2MDAwMDAwMDAwMDAsInJlYWQiOjMwMDAwMDAwMDAwMCwidXBkYXRlIjozNjAwMDAwMDAwMDAwfX0=",
          "dependencies": [
            "azurerm_resource_group.rg",
            "random_string.myrandom"
          ]
        }
      ]
    },
    {
      "mode": "managed",
      "type": "azurerm_mysql_virtual_network_rule",
      "name": "mysql_virtual_network_rule",
      "provider": "provider[\"registry.terraform.io/hashicorp/azurerm\"]",
      "instances": [
        {
          "schema_version": 0,
          "attributes": {
            "id": "/subscriptions/30ac425c-ea17-4b90-badf-2af77b724338/resourceGroups/hr-dev-rg-pptyls/providers/Microsoft.DBforMySQL/servers/hr-dev-mysql/virtualNetworkRules/mysql-vnet-rule",
            "name": "mysql-vnet-rule",
            "resource_group_name": "hr-dev-rg-pptyls",
            "server_name": "hr-dev-mysql",
            "subnet_id": "/subscriptions/30ac425c-ea17-4b90-badf-2af77b724338/resourceGroups/hr-dev-rg-pptyls/providers/Microsoft.Network/virtualNetworks/hr-dev-vnet/subnets/hr-dev-vnet-websubnet",
            "timeouts": null
          },
          "sensitive_attributes": [],
          "private": "eyJlMmJmYjczMC1lY2FhLTExZTYtOGY4OC0zNDM2M2JjN2M0YzAiOnsiY3JlYXRlIjoxODAwMDAwMDAwMDAwLCJkZWxldGUiOjE4MDAwMDAwMDAwMDAsInJlYWQiOjMwMDAwMDAwMDAwMCwidXBkYXRlIjoxODAwMDAwMDAwMDAwfX0=",
          "dependencies": [
            "azurerm_mysql_server.mysql_server",
            "azurerm_resource_group.rg",
            "azurerm_subnet.websubnet",
            "azurerm_virtual_network.vnet",
            "random_string.myrandom"
          ]
        }
      ]
    },
    {
      "mode": "managed",
      "type": "azurerm_network_interface",
      "name": "bastion_host_linuxvm_nic",
      "provider": "provider[\"registry.terraform.io/hashicorp/azurerm\"]",
      "instances": [
        {
          "schema_version": 0,
          "attributes": {
            "applied_dns_servers": [],
            "dns_servers": [],
            "edge_zone": "",
            "enable_accelerated_networking": false,
            "enable_ip_forwarding": false,
            "id": "/subscriptions/30ac425c-ea17-4b90-badf-2af77b724338/resourceGroups/hr-dev-rg-pptyls/providers/Microsoft.Network/networkInterfaces/hr-dev-bastion-host-linuxvm-nic",
            "internal_dns_name_label": "",
            "internal_domain_name_suffix": "dt314sa5uaauxht3n3pewtpseg.gx.internal.cloudapp.net",
            "ip_configuration": [
              {
                "gateway_load_balancer_frontend_ip_configuration_id": "",
                "name": "bastion-host-ip-1",
                "primary": true,
                "private_ip_address": "10.1.100.4",
                "private_ip_address_allocation": "Dynamic",
                "private_ip_address_version": "IPv4",
                "public_ip_address_id": "/subscriptions/30ac425c-ea17-4b90-badf-2af77b724338/resourceGroups/hr-dev-rg-pptyls/providers/Microsoft.Network/publicIPAddresses/hr-dev-bastion-host-publicip",
                "subnet_id": "/subscriptions/30ac425c-ea17-4b90-badf-2af77b724338/resourceGroups/hr-dev-rg-pptyls/providers/Microsoft.Network/virtualNetworks/hr-dev-vnet/subnets/hr-dev-vnet-bastionsubnet"
              }
            ],
            "location": "centralus",
            "mac_address": "",
            "name": "hr-dev-bastion-host-linuxvm-nic",
            "private_ip_address": "10.1.100.4",
            "private_ip_addresses": [
              "10.1.100.4"
            ],
            "resource_group_name": "hr-dev-rg-pptyls",
            "tags": null,
            "timeouts": null,
            "virtual_machine_id": ""
          },
          "sensitive_attributes": [],
          "private": "eyJlMmJmYjczMC1lY2FhLTExZTYtOGY4OC0zNDM2M2JjN2M0YzAiOnsiY3JlYXRlIjoxODAwMDAwMDAwMDAwLCJkZWxldGUiOjE4MDAwMDAwMDAwMDAsInJlYWQiOjMwMDAwMDAwMDAwMCwidXBkYXRlIjoxODAwMDAwMDAwMDAwfX0=",
          "dependencies": [
            "azurerm_public_ip.bastion_host_publicip",
            "azurerm_resource_group.rg",
            "azurerm_subnet.bastionsubnet",
            "azurerm_virtual_network.vnet",
            "random_string.myrandom"
          ]
        }
      ]
    },
    {
      "mode": "managed",
      "type": "azurerm_network_security_group",
      "name": "ag_subnet_nsg",
      "provider": "provider[\"registry.terraform.io/hashicorp/azurerm\"]",
      "instances": [
        {
          "schema_version": 0,
          "attributes": {
            "id": "/subscriptions/30ac425c-ea17-4b90-badf-2af77b724338/resourceGroups/hr-dev-rg-pptyls/providers/Microsoft.Network/networkSecurityGroups/hr-dev-vnet-agsubnet-nsg",
            "location": "centralus",
            "name": "hr-dev-vnet-agsubnet-nsg",
            "resource_group_name": "hr-dev-rg-pptyls",
            "security_rule": [],
            "tags": null,
            "timeouts": null
          },
          "sensitive_attributes": [],
          "private": "eyJlMmJmYjczMC1lY2FhLTExZTYtOGY4OC0zNDM2M2JjN2M0YzAiOnsiY3JlYXRlIjoxODAwMDAwMDAwMDAwLCJkZWxldGUiOjE4MDAwMDAwMDAwMDAsInJlYWQiOjMwMDAwMDAwMDAwMCwidXBkYXRlIjoxODAwMDAwMDAwMDAwfX0=",
          "dependencies": [
            "azurerm_resource_group.rg",
            "azurerm_subnet.agsubnet",
            "azurerm_virtual_network.vnet",
            "random_string.myrandom"
          ]
        }
      ]
    },
    {
      "mode": "managed",
      "type": "azurerm_network_security_group",
      "name": "app_subnet_nsg",
      "provider": "provider[\"registry.terraform.io/hashicorp/azurerm\"]",
      "instances": [
        {
          "schema_version": 0,
          "attributes": {
            "id": "/subscriptions/30ac425c-ea17-4b90-badf-2af77b724338/resourceGroups/hr-dev-rg-pptyls/providers/Microsoft.Network/networkSecurityGroups/hr-dev-vnet-appsubnet-nsg",
            "location": "centralus",
            "name": "hr-dev-vnet-appsubnet-nsg",
            "resource_group_name": "hr-dev-rg-pptyls",
            "security_rule": [],
            "tags": null,
            "timeouts": null
          },
          "sensitive_attributes": [],
          "private": "eyJlMmJmYjczMC1lY2FhLTExZTYtOGY4OC0zNDM2M2JjN2M0YzAiOnsiY3JlYXRlIjoxODAwMDAwMDAwMDAwLCJkZWxldGUiOjE4MDAwMDAwMDAwMDAsInJlYWQiOjMwMDAwMDAwMDAwMCwidXBkYXRlIjoxODAwMDAwMDAwMDAwfX0=",
          "dependencies": [
            "azurerm_resource_group.rg",
            "azurerm_subnet.appsubnet",
            "azurerm_virtual_network.vnet",
            "random_string.myrandom"
          ]
        }
      ]
    },
    {
      "mode": "managed",
      "type": "azurerm_network_security_group",
      "name": "bastion_subnet_nsg",
      "provider": "provider[\"registry.terraform.io/hashicorp/azurerm\"]",
      "instances": [
        {
          "schema_version": 0,
          "attributes": {
            "id": "/subscriptions/30ac425c-ea17-4b90-badf-2af77b724338/resourceGroups/hr-dev-rg-pptyls/providers/Microsoft.Network/networkSecurityGroups/hr-dev-vnet-bastionsubnet-nsg",
            "location": "centralus",
            "name": "hr-dev-vnet-bastionsubnet-nsg",
            "resource_group_name": "hr-dev-rg-pptyls",
            "security_rule": [],
            "tags": null,
            "timeouts": null
          },
          "sensitive_attributes": [],
          "private": "eyJlMmJmYjczMC1lY2FhLTExZTYtOGY4OC0zNDM2M2JjN2M0YzAiOnsiY3JlYXRlIjoxODAwMDAwMDAwMDAwLCJkZWxldGUiOjE4MDAwMDAwMDAwMDAsInJlYWQiOjMwMDAwMDAwMDAwMCwidXBkYXRlIjoxODAwMDAwMDAwMDAwfX0=",
          "dependencies": [
            "azurerm_resource_group.rg",
            "azurerm_subnet.bastionsubnet",
            "azurerm_virtual_network.vnet",
            "random_string.myrandom"
          ]
        }
      ]
    },
    {
      "mode": "managed",
      "type": "azurerm_network_security_group",
      "name": "db_subnet_nsg",
      "provider": "provider[\"registry.terraform.io/hashicorp/azurerm\"]",
      "instances": [
        {
          "schema_version": 0,
          "attributes": {
            "id": "/subscriptions/30ac425c-ea17-4b90-badf-2af77b724338/resourceGroups/hr-dev-rg-pptyls/providers/Microsoft.Network/networkSecurityGroups/hr-dev-vnet-dbsubnet-nsg",
            "location": "centralus",
            "name": "hr-dev-vnet-dbsubnet-nsg",
            "resource_group_name": "hr-dev-rg-pptyls",
            "security_rule": [],
            "tags": null,
            "timeouts": null
          },
          "sensitive_attributes": [],
          "private": "eyJlMmJmYjczMC1lY2FhLTExZTYtOGY4OC0zNDM2M2JjN2M0YzAiOnsiY3JlYXRlIjoxODAwMDAwMDAwMDAwLCJkZWxldGUiOjE4MDAwMDAwMDAwMDAsInJlYWQiOjMwMDAwMDAwMDAwMCwidXBkYXRlIjoxODAwMDAwMDAwMDAwfX0=",
          "dependencies": [
            "azurerm_resource_group.rg",
            "azurerm_subnet.dbsubnet",
            "azurerm_virtual_network.vnet",
            "random_string.myrandom"
          ]
        }
      ]
    },
    {
      "mode": "managed",
      "type": "azurerm_network_security_group",
      "name": "web_subnet_nsg",
      "provider": "provider[\"registry.terraform.io/hashicorp/azurerm\"]",
      "instances": [
        {
          "schema_version": 0,
          "attributes": {
            "id": "/subscriptions/30ac425c-ea17-4b90-badf-2af77b724338/resourceGroups/hr-dev-rg-pptyls/providers/Microsoft.Network/networkSecurityGroups/hr-dev-vnet-websubnet-nsg",
            "location": "centralus",
            "name": "hr-dev-vnet-websubnet-nsg",
            "resource_group_name": "hr-dev-rg-pptyls",
            "security_rule": [],
            "tags": null,
            "timeouts": null
          },
          "sensitive_attributes": [],
          "private": "eyJlMmJmYjczMC1lY2FhLTExZTYtOGY4OC0zNDM2M2JjN2M0YzAiOnsiY3JlYXRlIjoxODAwMDAwMDAwMDAwLCJkZWxldGUiOjE4MDAwMDAwMDAwMDAsInJlYWQiOjMwMDAwMDAwMDAwMCwidXBkYXRlIjoxODAwMDAwMDAwMDAwfX0=",
          "dependencies": [
            "azurerm_resource_group.rg",
            "azurerm_subnet.websubnet",
            "azurerm_virtual_network.vnet",
            "random_string.myrandom"
          ]
        }
      ]
    },
    {
      "mode": "managed",
      "type": "azurerm_network_security_group",
      "name": "web_vmss_nsg",
      "provider": "provider[\"registry.terraform.io/hashicorp/azurerm\"]",
      "instances": [
        {
          "schema_version": 0,
          "attributes": {
            "id": "/subscriptions/30ac425c-ea17-4b90-badf-2af77b724338/resourceGroups/hr-dev-rg-pptyls/providers/Microsoft.Network/networkSecurityGroups/hr-dev-web-vmss-nsg",
            "location": "centralus",
            "name": "hr-dev-web-vmss-nsg",
            "resource_group_name": "hr-dev-rg-pptyls",
            "security_rule": [
              {
                "access": "Allow",
                "description": "Inbound Rule 0",
                "destination_address_prefix": "*",
                "destination_address_prefixes": [],
                "destination_application_security_group_ids": [],
                "destination_port_range": "22",
                "destination_port_ranges": [],
                "direction": "Inbound",
                "name": "inbound-rule-0",
                "priority": 100,
                "protocol": "Tcp",
                "source_address_prefix": "*",
                "source_address_prefixes": [],
                "source_application_security_group_ids": [],
                "source_port_range": "*",
                "source_port_ranges": []
              },
              {
                "access": "Allow",
                "description": "Inbound Rule 1",
                "destination_address_prefix": "*",
                "destination_address_prefixes": [],
                "destination_application_security_group_ids": [],
                "destination_port_range": "80",
                "destination_port_ranges": [],
                "direction": "Inbound",
                "name": "inbound-rule-1",
                "priority": 101,
                "protocol": "Tcp",
                "source_address_prefix": "*",
                "source_address_prefixes": [],
                "source_application_security_group_ids": [],
                "source_port_range": "*",
                "source_port_ranges": []
              },
              {
                "access": "Allow",
                "description": "Inbound Rule 2",
                "destination_address_prefix": "*",
                "destination_address_prefixes": [],
                "destination_application_security_group_ids": [],
                "destination_port_range": "443",
                "destination_port_ranges": [],
                "direction": "Inbound",
                "name": "inbound-rule-2",
                "priority": 102,
                "protocol": "Tcp",
                "source_address_prefix": "*",
                "source_address_prefixes": [],
                "source_application_security_group_ids": [],
                "source_port_range": "*",
                "source_port_ranges": []
              },
              {
                "access": "Allow",
                "description": "Inbound Rule 3",
                "destination_address_prefix": "*",
                "destination_address_prefixes": [],
                "destination_application_security_group_ids": [],
                "destination_port_range": "8080",
                "destination_port_ranges": [],
                "direction": "Inbound",
                "name": "inbound-rule-3",
                "priority": 103,
                "protocol": "Tcp",
                "source_address_prefix": "*",
                "source_address_prefixes": [],
                "source_application_security_group_ids": [],
                "source_port_range": "*",
                "source_port_ranges": []
              }
            ],
            "tags": null,
            "timeouts": null
          },
          "sensitive_attributes": [],
          "private": "eyJlMmJmYjczMC1lY2FhLTExZTYtOGY4OC0zNDM2M2JjN2M0YzAiOnsiY3JlYXRlIjoxODAwMDAwMDAwMDAwLCJkZWxldGUiOjE4MDAwMDAwMDAwMDAsInJlYWQiOjMwMDAwMDAwMDAwMCwidXBkYXRlIjoxODAwMDAwMDAwMDAwfX0=",
          "dependencies": [
            "azurerm_resource_group.rg",
            "random_string.myrandom"
          ]
        }
      ]
    },
    {
      "mode": "managed",
      "type": "azurerm_network_security_rule",
      "name": "ag_nsg_rule_inbound",
      "provider": "provider[\"registry.terraform.io/hashicorp/azurerm\"]",
      "instances": [
        {
          "index_key": "100",
          "schema_version": 0,
          "attributes": {
            "access": "Allow",
            "description": "",
            "destination_address_prefix": "*",
            "destination_address_prefixes": null,
            "destination_application_security_group_ids": null,
            "destination_port_range": "80",
            "destination_port_ranges": null,
            "direction": "Inbound",
            "id": "/subscriptions/30ac425c-ea17-4b90-badf-2af77b724338/resourceGroups/hr-dev-rg-pptyls/providers/Microsoft.Network/networkSecurityGroups/hr-dev-vnet-agsubnet-nsg/securityRules/Rule-Port-80",
            "name": "Rule-Port-80",
            "network_security_group_name": "hr-dev-vnet-agsubnet-nsg",
            "priority": 100,
            "protocol": "Tcp",
            "resource_group_name": "hr-dev-rg-pptyls",
            "source_address_prefix": "*",
            "source_address_prefixes": null,
            "source_application_security_group_ids": null,
            "source_port_range": "*",
            "source_port_ranges": null,
            "timeouts": null
          },
          "sensitive_attributes": [],
          "private": "eyJlMmJmYjczMC1lY2FhLTExZTYtOGY4OC0zNDM2M2JjN2M0YzAiOnsiY3JlYXRlIjoxODAwMDAwMDAwMDAwLCJkZWxldGUiOjE4MDAwMDAwMDAwMDAsInJlYWQiOjMwMDAwMDAwMDAwMCwidXBkYXRlIjoxODAwMDAwMDAwMDAwfX0=",
          "dependencies": [
            "azurerm_network_security_group.ag_subnet_nsg",
            "azurerm_resource_group.rg",
            "azurerm_subnet.agsubnet",
            "azurerm_virtual_network.vnet",
            "random_string.myrandom"
          ]
        },
        {
          "index_key": "110",
          "schema_version": 0,
          "attributes": {
            "access": "Allow",
            "description": "",
            "destination_address_prefix": "*",
            "destination_address_prefixes": null,
            "destination_application_security_group_ids": null,
            "destination_port_range": "443",
            "destination_port_ranges": null,
            "direction": "Inbound",
            "id": "/subscriptions/30ac425c-ea17-4b90-badf-2af77b724338/resourceGroups/hr-dev-rg-pptyls/providers/Microsoft.Network/networkSecurityGroups/hr-dev-vnet-agsubnet-nsg/securityRules/Rule-Port-443",
            "name": "Rule-Port-443",
            "network_security_group_name": "hr-dev-vnet-agsubnet-nsg",
            "priority": 110,
            "protocol": "Tcp",
            "resource_group_name": "hr-dev-rg-pptyls",
            "source_address_prefix": "*",
            "source_address_prefixes": null,
            "source_application_security_group_ids": null,
            "source_port_range": "*",
            "source_port_ranges": null,
            "timeouts": null
          },
          "sensitive_attributes": [],
          "private": "eyJlMmJmYjczMC1lY2FhLTExZTYtOGY4OC0zNDM2M2JjN2M0YzAiOnsiY3JlYXRlIjoxODAwMDAwMDAwMDAwLCJkZWxldGUiOjE4MDAwMDAwMDAwMDAsInJlYWQiOjMwMDAwMDAwMDAwMCwidXBkYXRlIjoxODAwMDAwMDAwMDAwfX0=",
          "dependencies": [
            "azurerm_network_security_group.ag_subnet_nsg",
            "azurerm_resource_group.rg",
            "azurerm_subnet.agsubnet",
            "azurerm_virtual_network.vnet",
            "random_string.myrandom"
          ]
        },
        {
          "index_key": "130",
          "schema_version": 0,
          "attributes": {
            "access": "Allow",
            "description": "",
            "destination_address_prefix": "*",
            "destination_address_prefixes": null,
            "destination_application_security_group_ids": null,
            "destination_port_range": "65200-65535",
            "destination_port_ranges": null,
            "direction": "Inbound",
            "id": "/subscriptions/30ac425c-ea17-4b90-badf-2af77b724338/resourceGroups/hr-dev-rg-pptyls/providers/Microsoft.Network/networkSecurityGroups/hr-dev-vnet-agsubnet-nsg/securityRules/Rule-Port-65200-65535",
            "name": "Rule-Port-65200-65535",
            "network_security_group_name": "hr-dev-vnet-agsubnet-nsg",
            "priority": 130,
            "protocol": "Tcp",
            "resource_group_name": "hr-dev-rg-pptyls",
            "source_address_prefix": "*",
            "source_address_prefixes": null,
            "source_application_security_group_ids": null,
            "source_port_range": "*",
            "source_port_ranges": null,
            "timeouts": null
          },
          "sensitive_attributes": [],
          "private": "eyJlMmJmYjczMC1lY2FhLTExZTYtOGY4OC0zNDM2M2JjN2M0YzAiOnsiY3JlYXRlIjoxODAwMDAwMDAwMDAwLCJkZWxldGUiOjE4MDAwMDAwMDAwMDAsInJlYWQiOjMwMDAwMDAwMDAwMCwidXBkYXRlIjoxODAwMDAwMDAwMDAwfX0=",
          "dependencies": [
            "azurerm_network_security_group.ag_subnet_nsg",
            "azurerm_resource_group.rg",
            "azurerm_subnet.agsubnet",
            "azurerm_virtual_network.vnet",
            "random_string.myrandom"
          ]
        }
      ]
    },
    {
      "mode": "managed",
      "type": "azurerm_network_security_rule",
      "name": "app_nsg_rule_inbound",
      "provider": "provider[\"registry.terraform.io/hashicorp/azurerm\"]",
      "instances": [
        {
          "index_key": "100",
          "schema_version": 0,
          "attributes": {
            "access": "Allow",
            "description": "",
            "destination_address_prefix": "*",
            "destination_address_prefixes": null,
            "destination_application_security_group_ids": null,
            "destination_port_range": "80",
            "destination_port_ranges": null,
            "direction": "Inbound",
            "id": "/subscriptions/30ac425c-ea17-4b90-badf-2af77b724338/resourceGroups/hr-dev-rg-pptyls/providers/Microsoft.Network/networkSecurityGroups/hr-dev-vnet-appsubnet-nsg/securityRules/Rule-Port-80",
            "name": "Rule-Port-80",
            "network_security_group_name": "hr-dev-vnet-appsubnet-nsg",
            "priority": 100,
            "protocol": "Tcp",
            "resource_group_name": "hr-dev-rg-pptyls",
            "source_address_prefix": "*",
            "source_address_prefixes": null,
            "source_application_security_group_ids": null,
            "source_port_range": "*",
            "source_port_ranges": null,
            "timeouts": null
          },
          "sensitive_attributes": [],
          "private": "eyJlMmJmYjczMC1lY2FhLTExZTYtOGY4OC0zNDM2M2JjN2M0YzAiOnsiY3JlYXRlIjoxODAwMDAwMDAwMDAwLCJkZWxldGUiOjE4MDAwMDAwMDAwMDAsInJlYWQiOjMwMDAwMDAwMDAwMCwidXBkYXRlIjoxODAwMDAwMDAwMDAwfX0=",
          "dependencies": [
            "azurerm_network_security_group.app_subnet_nsg",
            "azurerm_resource_group.rg",
            "azurerm_subnet.appsubnet",
            "azurerm_virtual_network.vnet",
            "random_string.myrandom"
          ]
        },
        {
          "index_key": "110",
          "schema_version": 0,
          "attributes": {
            "access": "Allow",
            "description": "",
            "destination_address_prefix": "*",
            "destination_address_prefixes": null,
            "destination_application_security_group_ids": null,
            "destination_port_range": "443",
            "destination_port_ranges": null,
            "direction": "Inbound",
            "id": "/subscriptions/30ac425c-ea17-4b90-badf-2af77b724338/resourceGroups/hr-dev-rg-pptyls/providers/Microsoft.Network/networkSecurityGroups/hr-dev-vnet-appsubnet-nsg/securityRules/Rule-Port-443",
            "name": "Rule-Port-443",
            "network_security_group_name": "hr-dev-vnet-appsubnet-nsg",
            "priority": 110,
            "protocol": "Tcp",
            "resource_group_name": "hr-dev-rg-pptyls",
            "source_address_prefix": "*",
            "source_address_prefixes": null,
            "source_application_security_group_ids": null,
            "source_port_range": "*",
            "source_port_ranges": null,
            "timeouts": null
          },
          "sensitive_attributes": [],
          "private": "eyJlMmJmYjczMC1lY2FhLTExZTYtOGY4OC0zNDM2M2JjN2M0YzAiOnsiY3JlYXRlIjoxODAwMDAwMDAwMDAwLCJkZWxldGUiOjE4MDAwMDAwMDAwMDAsInJlYWQiOjMwMDAwMDAwMDAwMCwidXBkYXRlIjoxODAwMDAwMDAwMDAwfX0=",
          "dependencies": [
            "azurerm_network_security_group.app_subnet_nsg",
            "azurerm_resource_group.rg",
            "azurerm_subnet.appsubnet",
            "azurerm_virtual_network.vnet",
            "random_string.myrandom"
          ]
        },
        {
          "index_key": "120",
          "schema_version": 0,
          "attributes": {
            "access": "Allow",
            "description": "",
            "destination_address_prefix": "*",
            "destination_address_prefixes": null,
            "destination_application_security_group_ids": null,
            "destination_port_range": "8080",
            "destination_port_ranges": null,
            "direction": "Inbound",
            "id": "/subscriptions/30ac425c-ea17-4b90-badf-2af77b724338/resourceGroups/hr-dev-rg-pptyls/providers/Microsoft.Network/networkSecurityGroups/hr-dev-vnet-appsubnet-nsg/securityRules/Rule-Port-8080",
            "name": "Rule-Port-8080",
            "network_security_group_name": "hr-dev-vnet-appsubnet-nsg",
            "priority": 120,
            "protocol": "Tcp",
            "resource_group_name": "hr-dev-rg-pptyls",
            "source_address_prefix": "*",
            "source_address_prefixes": null,
            "source_application_security_group_ids": null,
            "source_port_range": "*",
            "source_port_ranges": null,
            "timeouts": null
          },
          "sensitive_attributes": [],
          "private": "eyJlMmJmYjczMC1lY2FhLTExZTYtOGY4OC0zNDM2M2JjN2M0YzAiOnsiY3JlYXRlIjoxODAwMDAwMDAwMDAwLCJkZWxldGUiOjE4MDAwMDAwMDAwMDAsInJlYWQiOjMwMDAwMDAwMDAwMCwidXBkYXRlIjoxODAwMDAwMDAwMDAwfX0=",
          "dependencies": [
            "azurerm_network_security_group.app_subnet_nsg",
            "azurerm_resource_group.rg",
            "azurerm_subnet.appsubnet",
            "azurerm_virtual_network.vnet",
            "random_string.myrandom"
          ]
        },
        {
          "index_key": "130",
          "schema_version": 0,
          "attributes": {
            "access": "Allow",
            "description": "",
            "destination_address_prefix": "*",
            "destination_address_prefixes": null,
            "destination_application_security_group_ids": null,
            "destination_port_range": "22",
            "destination_port_ranges": null,
            "direction": "Inbound",
            "id": "/subscriptions/30ac425c-ea17-4b90-badf-2af77b724338/resourceGroups/hr-dev-rg-pptyls/providers/Microsoft.Network/networkSecurityGroups/hr-dev-vnet-appsubnet-nsg/securityRules/Rule-Port-22",
            "name": "Rule-Port-22",
            "network_security_group_name": "hr-dev-vnet-appsubnet-nsg",
            "priority": 130,
            "protocol": "Tcp",
            "resource_group_name": "hr-dev-rg-pptyls",
            "source_address_prefix": "*",
            "source_address_prefixes": null,
            "source_application_security_group_ids": null,
            "source_port_range": "*",
            "source_port_ranges": null,
            "timeouts": null
          },
          "sensitive_attributes": [],
          "private": "eyJlMmJmYjczMC1lY2FhLTExZTYtOGY4OC0zNDM2M2JjN2M0YzAiOnsiY3JlYXRlIjoxODAwMDAwMDAwMDAwLCJkZWxldGUiOjE4MDAwMDAwMDAwMDAsInJlYWQiOjMwMDAwMDAwMDAwMCwidXBkYXRlIjoxODAwMDAwMDAwMDAwfX0=",
          "dependencies": [
            "azurerm_network_security_group.app_subnet_nsg",
            "azurerm_resource_group.rg",
            "azurerm_subnet.appsubnet",
            "azurerm_virtual_network.vnet",
            "random_string.myrandom"
          ]
        }
      ]
    },
    {
      "mode": "managed",
      "type": "azurerm_network_security_rule",
      "name": "bastion_nsg_rule_inbound",
      "provider": "provider[\"registry.terraform.io/hashicorp/azurerm\"]",
      "instances": [
        {
          "index_key": "100",
          "schema_version": 0,
          "attributes": {
            "access": "Allow",
            "description": "",
            "destination_address_prefix": "*",
            "destination_address_prefixes": null,
            "destination_application_security_group_ids": null,
            "destination_port_range": "22",
            "destination_port_ranges": null,
            "direction": "Inbound",
            "id": "/subscriptions/30ac425c-ea17-4b90-badf-2af77b724338/resourceGroups/hr-dev-rg-pptyls/providers/Microsoft.Network/networkSecurityGroups/hr-dev-vnet-bastionsubnet-nsg/securityRules/Rule-Port-22",
            "name": "Rule-Port-22",
            "network_security_group_name": "hr-dev-vnet-bastionsubnet-nsg",
            "priority": 100,
            "protocol": "Tcp",
            "resource_group_name": "hr-dev-rg-pptyls",
            "source_address_prefix": "*",
            "source_address_prefixes": null,
            "source_application_security_group_ids": null,
            "source_port_range": "*",
            "source_port_ranges": null,
            "timeouts": null
          },
          "sensitive_attributes": [],
          "private": "eyJlMmJmYjczMC1lY2FhLTExZTYtOGY4OC0zNDM2M2JjN2M0YzAiOnsiY3JlYXRlIjoxODAwMDAwMDAwMDAwLCJkZWxldGUiOjE4MDAwMDAwMDAwMDAsInJlYWQiOjMwMDAwMDAwMDAwMCwidXBkYXRlIjoxODAwMDAwMDAwMDAwfX0=",
          "dependencies": [
            "azurerm_network_security_group.bastion_subnet_nsg",
            "azurerm_resource_group.rg",
            "azurerm_subnet.bastionsubnet",
            "azurerm_virtual_network.vnet",
            "random_string.myrandom"
          ]
        },
        {
          "index_key": "110",
          "schema_version": 0,
          "attributes": {
            "access": "Allow",
            "description": "",
            "destination_address_prefix": "*",
            "destination_address_prefixes": null,
            "destination_application_security_group_ids": null,
            "destination_port_range": "3389",
            "destination_port_ranges": null,
            "direction": "Inbound",
            "id": "/subscriptions/30ac425c-ea17-4b90-badf-2af77b724338/resourceGroups/hr-dev-rg-pptyls/providers/Microsoft.Network/networkSecurityGroups/hr-dev-vnet-bastionsubnet-nsg/securityRules/Rule-Port-3389",
            "name": "Rule-Port-3389",
            "network_security_group_name": "hr-dev-vnet-bastionsubnet-nsg",
            "priority": 110,
            "protocol": "Tcp",
            "resource_group_name": "hr-dev-rg-pptyls",
            "source_address_prefix": "*",
            "source_address_prefixes": null,
            "source_application_security_group_ids": null,
            "source_port_range": "*",
            "source_port_ranges": null,
            "timeouts": null
          },
          "sensitive_attributes": [],
          "private": "eyJlMmJmYjczMC1lY2FhLTExZTYtOGY4OC0zNDM2M2JjN2M0YzAiOnsiY3JlYXRlIjoxODAwMDAwMDAwMDAwLCJkZWxldGUiOjE4MDAwMDAwMDAwMDAsInJlYWQiOjMwMDAwMDAwMDAwMCwidXBkYXRlIjoxODAwMDAwMDAwMDAwfX0=",
          "dependencies": [
            "azurerm_network_security_group.bastion_subnet_nsg",
            "azurerm_resource_group.rg",
            "azurerm_subnet.bastionsubnet",
            "azurerm_virtual_network.vnet",
            "random_string.myrandom"
          ]
        }
      ]
    },
    {
      "mode": "managed",
      "type": "azurerm_network_security_rule",
      "name": "db_nsg_rule_inbound",
      "provider": "provider[\"registry.terraform.io/hashicorp/azurerm\"]",
      "instances": [
        {
          "index_key": "100",
          "schema_version": 0,
          "attributes": {
            "access": "Allow",
            "description": "",
            "destination_address_prefix": "*",
            "destination_address_prefixes": null,
            "destination_application_security_group_ids": null,
            "destination_port_range": "3306",
            "destination_port_ranges": null,
            "direction": "Inbound",
            "id": "/subscriptions/30ac425c-ea17-4b90-badf-2af77b724338/resourceGroups/hr-dev-rg-pptyls/providers/Microsoft.Network/networkSecurityGroups/hr-dev-vnet-dbsubnet-nsg/securityRules/Rule-Port-3306",
            "name": "Rule-Port-3306",
            "network_security_group_name": "hr-dev-vnet-dbsubnet-nsg",
            "priority": 100,
            "protocol": "Tcp",
            "resource_group_name": "hr-dev-rg-pptyls",
            "source_address_prefix": "*",
            "source_address_prefixes": null,
            "source_application_security_group_ids": null,
            "source_port_range": "*",
            "source_port_ranges": null,
            "timeouts": null
          },
          "sensitive_attributes": [],
          "private": "eyJlMmJmYjczMC1lY2FhLTExZTYtOGY4OC0zNDM2M2JjN2M0YzAiOnsiY3JlYXRlIjoxODAwMDAwMDAwMDAwLCJkZWxldGUiOjE4MDAwMDAwMDAwMDAsInJlYWQiOjMwMDAwMDAwMDAwMCwidXBkYXRlIjoxODAwMDAwMDAwMDAwfX0=",
          "dependencies": [
            "azurerm_network_security_group.db_subnet_nsg",
            "azurerm_resource_group.rg",
            "azurerm_subnet.dbsubnet",
            "azurerm_virtual_network.vnet",
            "random_string.myrandom"
          ]
        },
        {
          "index_key": "110",
          "schema_version": 0,
          "attributes": {
            "access": "Allow",
            "description": "",
            "destination_address_prefix": "*",
            "destination_address_prefixes": null,
            "destination_application_security_group_ids": null,
            "destination_port_range": "1433",
            "destination_port_ranges": null,
            "direction": "Inbound",
            "id": "/subscriptions/30ac425c-ea17-4b90-badf-2af77b724338/resourceGroups/hr-dev-rg-pptyls/providers/Microsoft.Network/networkSecurityGroups/hr-dev-vnet-dbsubnet-nsg/securityRules/Rule-Port-1433",
            "name": "Rule-Port-1433",
            "network_security_group_name": "hr-dev-vnet-dbsubnet-nsg",
            "priority": 110,
            "protocol": "Tcp",
            "resource_group_name": "hr-dev-rg-pptyls",
            "source_address_prefix": "*",
            "source_address_prefixes": null,
            "source_application_security_group_ids": null,
            "source_port_range": "*",
            "source_port_ranges": null,
            "timeouts": null
          },
          "sensitive_attributes": [],
          "private": "eyJlMmJmYjczMC1lY2FhLTExZTYtOGY4OC0zNDM2M2JjN2M0YzAiOnsiY3JlYXRlIjoxODAwMDAwMDAwMDAwLCJkZWxldGUiOjE4MDAwMDAwMDAwMDAsInJlYWQiOjMwMDAwMDAwMDAwMCwidXBkYXRlIjoxODAwMDAwMDAwMDAwfX0=",
          "dependencies": [
            "azurerm_network_security_group.db_subnet_nsg",
            "azurerm_resource_group.rg",
            "azurerm_subnet.dbsubnet",
            "azurerm_virtual_network.vnet",
            "random_string.myrandom"
          ]
        },
        {
          "index_key": "120",
          "schema_version": 0,
          "attributes": {
            "access": "Allow",
            "description": "",
            "destination_address_prefix": "*",
            "destination_address_prefixes": null,
            "destination_application_security_group_ids": null,
            "destination_port_range": "5432",
            "destination_port_ranges": null,
            "direction": "Inbound",
            "id": "/subscriptions/30ac425c-ea17-4b90-badf-2af77b724338/resourceGroups/hr-dev-rg-pptyls/providers/Microsoft.Network/networkSecurityGroups/hr-dev-vnet-dbsubnet-nsg/securityRules/Rule-Port-5432",
            "name": "Rule-Port-5432",
            "network_security_group_name": "hr-dev-vnet-dbsubnet-nsg",
            "priority": 120,
            "protocol": "Tcp",
            "resource_group_name": "hr-dev-rg-pptyls",
            "source_address_prefix": "*",
            "source_address_prefixes": null,
            "source_application_security_group_ids": null,
            "source_port_range": "*",
            "source_port_ranges": null,
            "timeouts": null
          },
          "sensitive_attributes": [],
          "private": "eyJlMmJmYjczMC1lY2FhLTExZTYtOGY4OC0zNDM2M2JjN2M0YzAiOnsiY3JlYXRlIjoxODAwMDAwMDAwMDAwLCJkZWxldGUiOjE4MDAwMDAwMDAwMDAsInJlYWQiOjMwMDAwMDAwMDAwMCwidXBkYXRlIjoxODAwMDAwMDAwMDAwfX0=",
          "dependencies": [
            "azurerm_network_security_group.db_subnet_nsg",
            "azurerm_resource_group.rg",
            "azurerm_subnet.dbsubnet",
            "azurerm_virtual_network.vnet",
            "random_string.myrandom"
          ]
        }
      ]
    },
    {
      "mode": "managed",
      "type": "azurerm_network_security_rule",
      "name": "web_nsg_rule_inbound",
      "provider": "provider[\"registry.terraform.io/hashicorp/azurerm\"]",
      "instances": [
        {
          "index_key": "100",
          "schema_version": 0,
          "attributes": {
            "access": "Allow",
            "description": "",
            "destination_address_prefix": "*",
            "destination_address_prefixes": null,
            "destination_application_security_group_ids": null,
            "destination_port_range": "80",
            "destination_port_ranges": null,
            "direction": "Inbound",
            "id": "/subscriptions/30ac425c-ea17-4b90-badf-2af77b724338/resourceGroups/hr-dev-rg-pptyls/providers/Microsoft.Network/networkSecurityGroups/hr-dev-vnet-websubnet-nsg/securityRules/Rule-Port-80",
            "name": "Rule-Port-80",
            "network_security_group_name": "hr-dev-vnet-websubnet-nsg",
            "priority": 100,
            "protocol": "Tcp",
            "resource_group_name": "hr-dev-rg-pptyls",
            "source_address_prefix": "*",
            "source_address_prefixes": null,
            "source_application_security_group_ids": null,
            "source_port_range": "*",
            "source_port_ranges": null,
            "timeouts": null
          },
          "sensitive_attributes": [],
          "private": "eyJlMmJmYjczMC1lY2FhLTExZTYtOGY4OC0zNDM2M2JjN2M0YzAiOnsiY3JlYXRlIjoxODAwMDAwMDAwMDAwLCJkZWxldGUiOjE4MDAwMDAwMDAwMDAsInJlYWQiOjMwMDAwMDAwMDAwMCwidXBkYXRlIjoxODAwMDAwMDAwMDAwfX0=",
          "dependencies": [
            "azurerm_network_security_group.web_subnet_nsg",
            "azurerm_resource_group.rg",
            "azurerm_subnet.websubnet",
            "azurerm_virtual_network.vnet",
            "random_string.myrandom"
          ]
        },
        {
          "index_key": "110",
          "schema_version": 0,
          "attributes": {
            "access": "Allow",
            "description": "",
            "destination_address_prefix": "*",
            "destination_address_prefixes": null,
            "destination_application_security_group_ids": null,
            "destination_port_range": "443",
            "destination_port_ranges": null,
            "direction": "Inbound",
            "id": "/subscriptions/30ac425c-ea17-4b90-badf-2af77b724338/resourceGroups/hr-dev-rg-pptyls/providers/Microsoft.Network/networkSecurityGroups/hr-dev-vnet-websubnet-nsg/securityRules/Rule-Port-443",
            "name": "Rule-Port-443",
            "network_security_group_name": "hr-dev-vnet-websubnet-nsg",
            "priority": 110,
            "protocol": "Tcp",
            "resource_group_name": "hr-dev-rg-pptyls",
            "source_address_prefix": "*",
            "source_address_prefixes": null,
            "source_application_security_group_ids": null,
            "source_port_range": "*",
            "source_port_ranges": null,
            "timeouts": null
          },
          "sensitive_attributes": [],
          "private": "eyJlMmJmYjczMC1lY2FhLTExZTYtOGY4OC0zNDM2M2JjN2M0YzAiOnsiY3JlYXRlIjoxODAwMDAwMDAwMDAwLCJkZWxldGUiOjE4MDAwMDAwMDAwMDAsInJlYWQiOjMwMDAwMDAwMDAwMCwidXBkYXRlIjoxODAwMDAwMDAwMDAwfX0=",
          "dependencies": [
            "azurerm_network_security_group.web_subnet_nsg",
            "azurerm_resource_group.rg",
            "azurerm_subnet.websubnet",
            "azurerm_virtual_network.vnet",
            "random_string.myrandom"
          ]
        },
        {
          "index_key": "120",
          "schema_version": 0,
          "attributes": {
            "access": "Allow",
            "description": "",
            "destination_address_prefix": "*",
            "destination_address_prefixes": null,
            "destination_application_security_group_ids": null,
            "destination_port_range": "22",
            "destination_port_ranges": null,
            "direction": "Inbound",
            "id": "/subscriptions/30ac425c-ea17-4b90-badf-2af77b724338/resourceGroups/hr-dev-rg-pptyls/providers/Microsoft.Network/networkSecurityGroups/hr-dev-vnet-websubnet-nsg/securityRules/Rule-Port-22",
            "name": "Rule-Port-22",
            "network_security_group_name": "hr-dev-vnet-websubnet-nsg",
            "priority": 120,
            "protocol": "Tcp",
            "resource_group_name": "hr-dev-rg-pptyls",
            "source_address_prefix": "*",
            "source_address_prefixes": null,
            "source_application_security_group_ids": null,
            "source_port_range": "*",
            "source_port_ranges": null,
            "timeouts": null
          },
          "sensitive_attributes": [],
          "private": "eyJlMmJmYjczMC1lY2FhLTExZTYtOGY4OC0zNDM2M2JjN2M0YzAiOnsiY3JlYXRlIjoxODAwMDAwMDAwMDAwLCJkZWxldGUiOjE4MDAwMDAwMDAwMDAsInJlYWQiOjMwMDAwMDAwMDAwMCwidXBkYXRlIjoxODAwMDAwMDAwMDAwfX0=",
          "dependencies": [
            "azurerm_network_security_group.web_subnet_nsg",
            "azurerm_resource_group.rg",
            "azurerm_subnet.websubnet",
            "azurerm_virtual_network.vnet",
            "random_string.myrandom"
          ]
        },
        {
          "index_key": "130",
          "schema_version": 0,
          "attributes": {
            "access": "Allow",
            "description": "",
            "destination_address_prefix": "*",
            "destination_address_prefixes": null,
            "destination_application_security_group_ids": null,
            "destination_port_range": "8080",
            "destination_port_ranges": null,
            "direction": "Inbound",
            "id": "/subscriptions/30ac425c-ea17-4b90-badf-2af77b724338/resourceGroups/hr-dev-rg-pptyls/providers/Microsoft.Network/networkSecurityGroups/hr-dev-vnet-websubnet-nsg/securityRules/Rule-Port-8080",
            "name": "Rule-Port-8080",
            "network_security_group_name": "hr-dev-vnet-websubnet-nsg",
            "priority": 130,
            "protocol": "Tcp",
            "resource_group_name": "hr-dev-rg-pptyls",
            "source_address_prefix": "*",
            "source_address_prefixes": null,
            "source_application_security_group_ids": null,
            "source_port_range": "*",
            "source_port_ranges": null,
            "timeouts": null
          },
          "sensitive_attributes": [],
          "private": "eyJlMmJmYjczMC1lY2FhLTExZTYtOGY4OC0zNDM2M2JjN2M0YzAiOnsiY3JlYXRlIjoxODAwMDAwMDAwMDAwLCJkZWxldGUiOjE4MDAwMDAwMDAwMDAsInJlYWQiOjMwMDAwMDAwMDAwMCwidXBkYXRlIjoxODAwMDAwMDAwMDAwfX0=",
          "dependencies": [
            "azurerm_network_security_group.web_subnet_nsg",
            "azurerm_resource_group.rg",
            "azurerm_subnet.websubnet",
            "azurerm_virtual_network.vnet",
            "random_string.myrandom"
          ]
        }
      ]
    },
    {
      "mode": "managed",
      "type": "azurerm_public_ip",
      "name": "bastion_host_publicip",
      "provider": "provider[\"registry.terraform.io/hashicorp/azurerm\"]",
      "instances": [
        {
          "schema_version": 0,
          "attributes": {
            "allocation_method": "Static",
            "domain_name_label": null,
            "edge_zone": "",
            "fqdn": null,
            "id": "/subscriptions/30ac425c-ea17-4b90-badf-2af77b724338/resourceGroups/hr-dev-rg-pptyls/providers/Microsoft.Network/publicIPAddresses/hr-dev-bastion-host-publicip",
            "idle_timeout_in_minutes": 4,
            "ip_address": "52.173.104.30",
            "ip_tags": null,
            "ip_version": "IPv4",
            "location": "centralus",
            "name": "hr-dev-bastion-host-publicip",
            "public_ip_prefix_id": null,
            "resource_group_name": "hr-dev-rg-pptyls",
            "reverse_fqdn": null,
            "sku": "Standard",
            "sku_tier": "Regional",
            "tags": null,
            "timeouts": null,
            "zones": null
          },
          "sensitive_attributes": [],
          "private": "eyJlMmJmYjczMC1lY2FhLTExZTYtOGY4OC0zNDM2M2JjN2M0YzAiOnsiY3JlYXRlIjoxODAwMDAwMDAwMDAwLCJkZWxldGUiOjE4MDAwMDAwMDAwMDAsInJlYWQiOjMwMDAwMDAwMDAwMCwidXBkYXRlIjoxODAwMDAwMDAwMDAwfX0=",
          "dependencies": [
            "azurerm_resource_group.rg",
            "random_string.myrandom"
          ]
        }
      ]
    },
    {
      "mode": "managed",
      "type": "azurerm_public_ip",
      "name": "web_ag_publicip",
      "provider": "provider[\"registry.terraform.io/hashicorp/azurerm\"]",
      "instances": [
        {
          "schema_version": 0,
          "attributes": {
            "allocation_method": "Static",
            "domain_name_label": null,
            "edge_zone": "",
            "fqdn": null,
            "id": "/subscriptions/30ac425c-ea17-4b90-badf-2af77b724338/resourceGroups/hr-dev-rg-pptyls/providers/Microsoft.Network/publicIPAddresses/hr-dev-web-ag-publicip",
            "idle_timeout_in_minutes": 4,
            "ip_address": "52.173.104.162",
            "ip_tags": null,
            "ip_version": "IPv4",
            "location": "centralus",
            "name": "hr-dev-web-ag-publicip",
            "public_ip_prefix_id": null,
            "resource_group_name": "hr-dev-rg-pptyls",
            "reverse_fqdn": null,
            "sku": "Standard",
            "sku_tier": "Regional",
            "tags": null,
            "timeouts": null,
            "zones": null
          },
          "sensitive_attributes": [],
          "private": "eyJlMmJmYjczMC1lY2FhLTExZTYtOGY4OC0zNDM2M2JjN2M0YzAiOnsiY3JlYXRlIjoxODAwMDAwMDAwMDAwLCJkZWxldGUiOjE4MDAwMDAwMDAwMDAsInJlYWQiOjMwMDAwMDAwMDAwMCwidXBkYXRlIjoxODAwMDAwMDAwMDAwfX0=",
          "dependencies": [
            "azurerm_resource_group.rg",
            "random_string.myrandom"
          ]
        }
      ]
    },
    {
      "mode": "managed",
      "type": "azurerm_resource_group",
      "name": "rg",
      "provider": "provider[\"registry.terraform.io/hashicorp/azurerm\"]",
      "instances": [
        {
          "schema_version": 0,
          "attributes": {
            "id": "/subscriptions/30ac425c-ea17-4b90-badf-2af77b724338/resourceGroups/hr-dev-rg-pptyls",
            "location": "centralus",
            "name": "hr-dev-rg-pptyls",
            "tags": {
              "environment": "dev",
              "owners": "hr"
            },
            "timeouts": null
          },
          "sensitive_attributes": [],
          "private": "eyJlMmJmYjczMC1lY2FhLTExZTYtOGY4OC0zNDM2M2JjN2M0YzAiOnsiY3JlYXRlIjo1NDAwMDAwMDAwMDAwLCJkZWxldGUiOjU0MDAwMDAwMDAwMDAsInJlYWQiOjMwMDAwMDAwMDAwMCwidXBkYXRlIjo1NDAwMDAwMDAwMDAwfX0=",
          "dependencies": [
            "random_string.myrandom"
          ]
        }
      ]
    },
    {
      "mode": "managed",
      "type": "azurerm_storage_account",
      "name": "storage_account",
      "provider": "provider[\"registry.terraform.io/hashicorp/azurerm\"]",
      "instances": [
        {
          "schema_version": 3,
          "attributes": {
            "access_tier": "Hot",
            "account_kind": "StorageV2",
            "account_replication_type": "LRS",
            "account_tier": "Standard",
            "allow_nested_items_to_be_public": true,
            "azure_files_authentication": [],
            "blob_properties": [
              {
                "change_feed_enabled": false,
                "container_delete_retention_policy": [],
                "cors_rule": [],
                "default_service_version": "",
                "delete_retention_policy": [],
                "last_access_time_enabled": false,
                "versioning_enabled": false
              }
            ],
            "cross_tenant_replication_enabled": true,
            "custom_domain": [],
            "customer_managed_key": [],
            "edge_zone": "",
            "enable_https_traffic_only": true,
            "id": "/subscriptions/30ac425c-ea17-4b90-badf-2af77b724338/resourceGroups/hr-dev-rg-pptyls/providers/Microsoft.Storage/storageAccounts/staticwebsitepptyls",
            "identity": [],
            "infrastructure_encryption_enabled": false,
            "is_hns_enabled": false,
            "large_file_share_enabled": null,
            "location": "centralus",
            "min_tls_version": "TLS1_2",
            "name": "staticwebsitepptyls",
            "network_rules": [
              {
                "bypass": [
                  "AzureServices"
                ],
                "default_action": "Allow",
                "ip_rules": [],
                "private_link_access": [],
                "virtual_network_subnet_ids": []
              }
            ],
            "nfsv3_enabled": false,
            "primary_access_key": "KiwkMrEw9Npyy2lFwadgkwNyb9SiCsonBINAI7U2SW9KwpW+/zSZIfKthtzIMTvtJ1zef50EjWap+AStD+YRVg==",
            "primary_blob_connection_string": "DefaultEndpointsProtocol=https;BlobEndpoint=https://staticwebsitepptyls.blob.core.windows.net/;AccountName=staticwebsitepptyls;AccountKey=KiwkMrEw9Npyy2lFwadgkwNyb9SiCsonBINAI7U2SW9KwpW+/zSZIfKthtzIMTvtJ1zef50EjWap+AStD+YRVg==",
            "primary_blob_endpoint": "https://staticwebsitepptyls.blob.core.windows.net/",
            "primary_blob_host": "staticwebsitepptyls.blob.core.windows.net",
            "primary_connection_string": "DefaultEndpointsProtocol=https;AccountName=staticwebsitepptyls;AccountKey=KiwkMrEw9Npyy2lFwadgkwNyb9SiCsonBINAI7U2SW9KwpW+/zSZIfKthtzIMTvtJ1zef50EjWap+AStD+YRVg==;EndpointSuffix=core.windows.net",
            "primary_dfs_endpoint": "https://staticwebsitepptyls.dfs.core.windows.net/",
            "primary_dfs_host": "staticwebsitepptyls.dfs.core.windows.net",
            "primary_file_endpoint": "https://staticwebsitepptyls.file.core.windows.net/",
            "primary_file_host": "staticwebsitepptyls.file.core.windows.net",
            "primary_location": "centralus",
            "primary_queue_endpoint": "https://staticwebsitepptyls.queue.core.windows.net/",
            "primary_queue_host": "staticwebsitepptyls.queue.core.windows.net",
            "primary_table_endpoint": "https://staticwebsitepptyls.table.core.windows.net/",
            "primary_table_host": "staticwebsitepptyls.table.core.windows.net",
            "primary_web_endpoint": "https://staticwebsitepptyls.z19.web.core.windows.net/",
            "primary_web_host": "staticwebsitepptyls.z19.web.core.windows.net",
            "queue_encryption_key_type": "Service",
            "queue_properties": [
              {
                "cors_rule": [],
                "hour_metrics": [
                  {
                    "enabled": true,
                    "include_apis": true,
                    "retention_policy_days": 7,
                    "version": "1.0"
                  }
                ],
                "logging": [
                  {
                    "delete": false,
                    "read": false,
                    "retention_policy_days": 0,
                    "version": "1.0",
                    "write": false
                  }
                ],
                "minute_metrics": [
                  {
                    "enabled": false,
                    "include_apis": false,
                    "retention_policy_days": 0,
                    "version": "1.0"
                  }
                ]
              }
            ],
            "resource_group_name": "hr-dev-rg-pptyls",
            "routing": [],
            "secondary_access_key": "YVDgAglFy1yVz0xctiv8MP6KggTzk41fbWYBB1ZyH3Ak0Oh4iUu42xtNFu/EMb9A8YMKKhTKoPoz+AStNGpMJg==",
            "secondary_blob_connection_string": "",
            "secondary_blob_endpoint": null,
            "secondary_blob_host": null,
            "secondary_connection_string": "DefaultEndpointsProtocol=https;AccountName=staticwebsitepptyls;AccountKey=YVDgAglFy1yVz0xctiv8MP6KggTzk41fbWYBB1ZyH3Ak0Oh4iUu42xtNFu/EMb9A8YMKKhTKoPoz+AStNGpMJg==;EndpointSuffix=core.windows.net",
            "secondary_dfs_endpoint": null,
            "secondary_dfs_host": null,
            "secondary_file_endpoint": null,
            "secondary_file_host": null,
            "secondary_location": "",
            "secondary_queue_endpoint": null,
            "secondary_queue_host": null,
            "secondary_table_endpoint": null,
            "secondary_table_host": null,
            "secondary_web_endpoint": null,
            "secondary_web_host": null,
            "share_properties": [
              {
                "cors_rule": [],
                "retention_policy": [
                  {
                    "days": 7
                  }
                ],
                "smb": []
              }
            ],
            "shared_access_key_enabled": true,
            "static_website": [
              {
                "error_404_document": "error.html",
                "index_document": "index.html"
              }
            ],
            "table_encryption_key_type": "Service",
            "tags": null,
            "timeouts": null
          },
          "sensitive_attributes": [],
          "private": "eyJlMmJmYjczMC1lY2FhLTExZTYtOGY4OC0zNDM2M2JjN2M0YzAiOnsiY3JlYXRlIjozNjAwMDAwMDAwMDAwLCJkZWxldGUiOjM2MDAwMDAwMDAwMDAsInJlYWQiOjMwMDAwMDAwMDAwMCwidXBkYXRlIjozNjAwMDAwMDAwMDAwfSwic2NoZW1hX3ZlcnNpb24iOiIzIn0=",
          "dependencies": [
            "azurerm_resource_group.rg",
            "random_string.myrandom"
          ]
        }
      ]
    },
    {
      "mode": "managed",
      "type": "azurerm_storage_blob",
      "name": "static_container_blob",
      "provider": "provider[\"registry.terraform.io/hashicorp/azurerm\"]",
      "instances": [
        {
          "index_key": "403.html",
          "schema_version": 1,
          "attributes": {
            "access_tier": "Hot",
            "cache_control": "",
            "content_md5": "",
            "content_type": "text/html",
            "id": "https://staticwebsitepptyls.blob.core.windows.net/$web/403.html",
            "metadata": {},
            "name": "403.html",
            "parallelism": 8,
            "size": 0,
            "source": "./custom-error-pages/403.html",
            "source_content": null,
            "source_uri": null,
            "storage_account_name": "staticwebsitepptyls",
            "storage_container_name": "$web",
            "timeouts": null,
            "type": "Block",
            "url": "https://staticwebsitepptyls.blob.core.windows.net/$web/403.html"
          },
          "sensitive_attributes": [],
          "private": "eyJlMmJmYjczMC1lY2FhLTExZTYtOGY4OC0zNDM2M2JjN2M0YzAiOnsiY3JlYXRlIjoxODAwMDAwMDAwMDAwLCJkZWxldGUiOjE4MDAwMDAwMDAwMDAsInJlYWQiOjMwMDAwMDAwMDAwMCwidXBkYXRlIjoxODAwMDAwMDAwMDAwfSwic2NoZW1hX3ZlcnNpb24iOiIxIn0=",
          "dependencies": [
            "azurerm_resource_group.rg",
            "azurerm_storage_account.storage_account",
            "random_string.myrandom"
          ]
        },
        {
          "index_key": "502.html",
          "schema_version": 1,
          "attributes": {
            "access_tier": "Hot",
            "cache_control": "",
            "content_md5": "",
            "content_type": "text/html",
            "id": "https://staticwebsitepptyls.blob.core.windows.net/$web/502.html",
            "metadata": {},
            "name": "502.html",
            "parallelism": 8,
            "size": 0,
            "source": "./custom-error-pages/502.html",
            "source_content": null,
            "source_uri": null,
            "storage_account_name": "staticwebsitepptyls",
            "storage_container_name": "$web",
            "timeouts": null,
            "type": "Block",
            "url": "https://staticwebsitepptyls.blob.core.windows.net/$web/502.html"
          },
          "sensitive_attributes": [],
          "private": "eyJlMmJmYjczMC1lY2FhLTExZTYtOGY4OC0zNDM2M2JjN2M0YzAiOnsiY3JlYXRlIjoxODAwMDAwMDAwMDAwLCJkZWxldGUiOjE4MDAwMDAwMDAwMDAsInJlYWQiOjMwMDAwMDAwMDAwMCwidXBkYXRlIjoxODAwMDAwMDAwMDAwfSwic2NoZW1hX3ZlcnNpb24iOiIxIn0=",
          "dependencies": [
            "azurerm_resource_group.rg",
            "azurerm_storage_account.storage_account",
            "random_string.myrandom"
          ]
        },
        {
          "index_key": "error.html",
          "schema_version": 1,
          "attributes": {
            "access_tier": "Hot",
            "cache_control": "",
            "content_md5": "",
            "content_type": "text/html",
            "id": "https://staticwebsitepptyls.blob.core.windows.net/$web/error.html",
            "metadata": {},
            "name": "error.html",
            "parallelism": 8,
            "size": 0,
            "source": "./custom-error-pages/error.html",
            "source_content": null,
            "source_uri": null,
            "storage_account_name": "staticwebsitepptyls",
            "storage_container_name": "$web",
            "timeouts": null,
            "type": "Block",
            "url": "https://staticwebsitepptyls.blob.core.windows.net/$web/error.html"
          },
          "sensitive_attributes": [],
          "private": "eyJlMmJmYjczMC1lY2FhLTExZTYtOGY4OC0zNDM2M2JjN2M0YzAiOnsiY3JlYXRlIjoxODAwMDAwMDAwMDAwLCJkZWxldGUiOjE4MDAwMDAwMDAwMDAsInJlYWQiOjMwMDAwMDAwMDAwMCwidXBkYXRlIjoxODAwMDAwMDAwMDAwfSwic2NoZW1hX3ZlcnNpb24iOiIxIn0=",
          "dependencies": [
            "azurerm_resource_group.rg",
            "azurerm_storage_account.storage_account",
            "random_string.myrandom"
          ]
        },
        {
          "index_key": "index.html",
          "schema_version": 1,
          "attributes": {
            "access_tier": "Hot",
            "cache_control": "",
            "content_md5": "",
            "content_type": "text/html",
            "id": "https://staticwebsitepptyls.blob.core.windows.net/$web/index.html",
            "metadata": {},
            "name": "index.html",
            "parallelism": 8,
            "size": 0,
            "source": "./custom-error-pages/index.html",
            "source_content": null,
            "source_uri": null,
            "storage_account_name": "staticwebsitepptyls",
            "storage_container_name": "$web",
            "timeouts": null,
            "type": "Block",
            "url": "https://staticwebsitepptyls.blob.core.windows.net/$web/index.html"
          },
          "sensitive_attributes": [],
          "private": "eyJlMmJmYjczMC1lY2FhLTExZTYtOGY4OC0zNDM2M2JjN2M0YzAiOnsiY3JlYXRlIjoxODAwMDAwMDAwMDAwLCJkZWxldGUiOjE4MDAwMDAwMDAwMDAsInJlYWQiOjMwMDAwMDAwMDAwMCwidXBkYXRlIjoxODAwMDAwMDAwMDAwfSwic2NoZW1hX3ZlcnNpb24iOiIxIn0=",
          "dependencies": [
            "azurerm_resource_group.rg",
            "azurerm_storage_account.storage_account",
            "random_string.myrandom"
          ]
        }
      ]
    },
    {
      "mode": "managed",
      "type": "azurerm_subnet",
      "name": "agsubnet",
      "provider": "provider[\"registry.terraform.io/hashicorp/azurerm\"]",
      "instances": [
        {
          "schema_version": 0,
          "attributes": {
            "address_prefixes": [
              "10.1.51.0/24"
            ],
            "delegation": [],
            "enforce_private_link_endpoint_network_policies": false,
            "enforce_private_link_service_network_policies": false,
            "id": "/subscriptions/30ac425c-ea17-4b90-badf-2af77b724338/resourceGroups/hr-dev-rg-pptyls/providers/Microsoft.Network/virtualNetworks/hr-dev-vnet/subnets/hr-dev-vnet-agsubnet",
            "name": "hr-dev-vnet-agsubnet",
            "resource_group_name": "hr-dev-rg-pptyls",
            "service_endpoint_policy_ids": null,
            "service_endpoints": null,
            "timeouts": null,
            "virtual_network_name": "hr-dev-vnet"
          },
          "sensitive_attributes": [],
          "private": "eyJlMmJmYjczMC1lY2FhLTExZTYtOGY4OC0zNDM2M2JjN2M0YzAiOnsiY3JlYXRlIjoxODAwMDAwMDAwMDAwLCJkZWxldGUiOjE4MDAwMDAwMDAwMDAsInJlYWQiOjMwMDAwMDAwMDAwMCwidXBkYXRlIjoxODAwMDAwMDAwMDAwfX0=",
          "dependencies": [
            "azurerm_resource_group.rg",
            "azurerm_virtual_network.vnet",
            "random_string.myrandom"
          ]
        }
      ]
    },
    {
      "mode": "managed",
      "type": "azurerm_subnet",
      "name": "appsubnet",
      "provider": "provider[\"registry.terraform.io/hashicorp/azurerm\"]",
      "instances": [
        {
          "schema_version": 0,
          "attributes": {
            "address_prefixes": [
              "10.1.11.0/24"
            ],
            "delegation": [],
            "enforce_private_link_endpoint_network_policies": false,
            "enforce_private_link_service_network_policies": false,
            "id": "/subscriptions/30ac425c-ea17-4b90-badf-2af77b724338/resourceGroups/hr-dev-rg-pptyls/providers/Microsoft.Network/virtualNetworks/hr-dev-vnet/subnets/hr-dev-vnet-appsubnet",
            "name": "hr-dev-vnet-appsubnet",
            "resource_group_name": "hr-dev-rg-pptyls",
            "service_endpoint_policy_ids": null,
            "service_endpoints": null,
            "timeouts": null,
            "virtual_network_name": "hr-dev-vnet"
          },
          "sensitive_attributes": [],
          "private": "eyJlMmJmYjczMC1lY2FhLTExZTYtOGY4OC0zNDM2M2JjN2M0YzAiOnsiY3JlYXRlIjoxODAwMDAwMDAwMDAwLCJkZWxldGUiOjE4MDAwMDAwMDAwMDAsInJlYWQiOjMwMDAwMDAwMDAwMCwidXBkYXRlIjoxODAwMDAwMDAwMDAwfX0=",
          "dependencies": [
            "azurerm_resource_group.rg",
            "azurerm_virtual_network.vnet",
            "random_string.myrandom"
          ]
        }
      ]
    },
    {
      "mode": "managed",
      "type": "azurerm_subnet",
      "name": "bastionsubnet",
      "provider": "provider[\"registry.terraform.io/hashicorp/azurerm\"]",
      "instances": [
        {
          "schema_version": 0,
          "attributes": {
            "address_prefixes": [
              "10.1.100.0/24"
            ],
            "delegation": [],
            "enforce_private_link_endpoint_network_policies": false,
            "enforce_private_link_service_network_policies": false,
            "id": "/subscriptions/30ac425c-ea17-4b90-badf-2af77b724338/resourceGroups/hr-dev-rg-pptyls/providers/Microsoft.Network/virtualNetworks/hr-dev-vnet/subnets/hr-dev-vnet-bastionsubnet",
            "name": "hr-dev-vnet-bastionsubnet",
            "resource_group_name": "hr-dev-rg-pptyls",
            "service_endpoint_policy_ids": null,
            "service_endpoints": null,
            "timeouts": null,
            "virtual_network_name": "hr-dev-vnet"
          },
          "sensitive_attributes": [],
          "private": "eyJlMmJmYjczMC1lY2FhLTExZTYtOGY4OC0zNDM2M2JjN2M0YzAiOnsiY3JlYXRlIjoxODAwMDAwMDAwMDAwLCJkZWxldGUiOjE4MDAwMDAwMDAwMDAsInJlYWQiOjMwMDAwMDAwMDAwMCwidXBkYXRlIjoxODAwMDAwMDAwMDAwfX0=",
          "dependencies": [
            "azurerm_resource_group.rg",
            "azurerm_virtual_network.vnet",
            "random_string.myrandom"
          ]
        }
      ]
    },
    {
      "mode": "managed",
      "type": "azurerm_subnet",
      "name": "dbsubnet",
      "provider": "provider[\"registry.terraform.io/hashicorp/azurerm\"]",
      "instances": [
        {
          "schema_version": 0,
          "attributes": {
            "address_prefixes": [
              "10.1.21.0/24"
            ],
            "delegation": [],
            "enforce_private_link_endpoint_network_policies": false,
            "enforce_private_link_service_network_policies": false,
            "id": "/subscriptions/30ac425c-ea17-4b90-badf-2af77b724338/resourceGroups/hr-dev-rg-pptyls/providers/Microsoft.Network/virtualNetworks/hr-dev-vnet/subnets/hr-dev-vnet-dbsubnet",
            "name": "hr-dev-vnet-dbsubnet",
            "resource_group_name": "hr-dev-rg-pptyls",
            "service_endpoint_policy_ids": null,
            "service_endpoints": null,
            "timeouts": null,
            "virtual_network_name": "hr-dev-vnet"
          },
          "sensitive_attributes": [],
          "private": "eyJlMmJmYjczMC1lY2FhLTExZTYtOGY4OC0zNDM2M2JjN2M0YzAiOnsiY3JlYXRlIjoxODAwMDAwMDAwMDAwLCJkZWxldGUiOjE4MDAwMDAwMDAwMDAsInJlYWQiOjMwMDAwMDAwMDAwMCwidXBkYXRlIjoxODAwMDAwMDAwMDAwfX0=",
          "dependencies": [
            "azurerm_resource_group.rg",
            "azurerm_virtual_network.vnet",
            "random_string.myrandom"
          ]
        }
      ]
    },
    {
      "mode": "managed",
      "type": "azurerm_subnet",
      "name": "websubnet",
      "provider": "provider[\"registry.terraform.io/hashicorp/azurerm\"]",
      "instances": [
        {
          "schema_version": 0,
          "attributes": {
            "address_prefixes": [
              "10.1.1.0/24"
            ],
            "delegation": [],
            "enforce_private_link_endpoint_network_policies": false,
            "enforce_private_link_service_network_policies": false,
            "id": "/subscriptions/30ac425c-ea17-4b90-badf-2af77b724338/resourceGroups/hr-dev-rg-pptyls/providers/Microsoft.Network/virtualNetworks/hr-dev-vnet/subnets/hr-dev-vnet-websubnet",
            "name": "hr-dev-vnet-websubnet",
            "resource_group_name": "hr-dev-rg-pptyls",
            "service_endpoint_policy_ids": null,
            "service_endpoints": [
              "Microsoft.Sql"
            ],
            "timeouts": null,
            "virtual_network_name": "hr-dev-vnet"
          },
          "sensitive_attributes": [],
          "private": "eyJlMmJmYjczMC1lY2FhLTExZTYtOGY4OC0zNDM2M2JjN2M0YzAiOnsiY3JlYXRlIjoxODAwMDAwMDAwMDAwLCJkZWxldGUiOjE4MDAwMDAwMDAwMDAsInJlYWQiOjMwMDAwMDAwMDAwMCwidXBkYXRlIjoxODAwMDAwMDAwMDAwfX0=",
          "dependencies": [
            "azurerm_resource_group.rg",
            "azurerm_virtual_network.vnet",
            "random_string.myrandom"
          ]
        }
      ]
    },
    {
      "mode": "managed",
      "type": "azurerm_subnet_network_security_group_association",
      "name": "ag_subnet_nsg_associate",
      "provider": "provider[\"registry.terraform.io/hashicorp/azurerm\"]",
      "instances": [
        {
          "schema_version": 0,
          "attributes": {
            "id": "/subscriptions/30ac425c-ea17-4b90-badf-2af77b724338/resourceGroups/hr-dev-rg-pptyls/providers/Microsoft.Network/virtualNetworks/hr-dev-vnet/subnets/hr-dev-vnet-agsubnet",
            "network_security_group_id": "/subscriptions/30ac425c-ea17-4b90-badf-2af77b724338/resourceGroups/hr-dev-rg-pptyls/providers/Microsoft.Network/networkSecurityGroups/hr-dev-vnet-agsubnet-nsg",
            "subnet_id": "/subscriptions/30ac425c-ea17-4b90-badf-2af77b724338/resourceGroups/hr-dev-rg-pptyls/providers/Microsoft.Network/virtualNetworks/hr-dev-vnet/subnets/hr-dev-vnet-agsubnet",
            "timeouts": null
          },
          "sensitive_attributes": [],
          "private": "eyJlMmJmYjczMC1lY2FhLTExZTYtOGY4OC0zNDM2M2JjN2M0YzAiOnsiY3JlYXRlIjoxODAwMDAwMDAwMDAwLCJkZWxldGUiOjE4MDAwMDAwMDAwMDAsInJlYWQiOjMwMDAwMDAwMDAwMCwidXBkYXRlIjoxODAwMDAwMDAwMDAwfX0=",
          "dependencies": [
            "azurerm_network_security_group.ag_subnet_nsg",
            "azurerm_network_security_rule.ag_nsg_rule_inbound",
            "azurerm_resource_group.rg",
            "azurerm_subnet.agsubnet",
            "azurerm_virtual_network.vnet",
            "random_string.myrandom"
          ]
        }
      ]
    },
    {
      "mode": "managed",
      "type": "azurerm_subnet_network_security_group_association",
      "name": "app_subnet_nsg_associate",
      "provider": "provider[\"registry.terraform.io/hashicorp/azurerm\"]",
      "instances": [
        {
          "schema_version": 0,
          "attributes": {
            "id": "/subscriptions/30ac425c-ea17-4b90-badf-2af77b724338/resourceGroups/hr-dev-rg-pptyls/providers/Microsoft.Network/virtualNetworks/hr-dev-vnet/subnets/hr-dev-vnet-appsubnet",
            "network_security_group_id": "/subscriptions/30ac425c-ea17-4b90-badf-2af77b724338/resourceGroups/hr-dev-rg-pptyls/providers/Microsoft.Network/networkSecurityGroups/hr-dev-vnet-appsubnet-nsg",
            "subnet_id": "/subscriptions/30ac425c-ea17-4b90-badf-2af77b724338/resourceGroups/hr-dev-rg-pptyls/providers/Microsoft.Network/virtualNetworks/hr-dev-vnet/subnets/hr-dev-vnet-appsubnet",
            "timeouts": null
          },
          "sensitive_attributes": [],
          "private": "eyJlMmJmYjczMC1lY2FhLTExZTYtOGY4OC0zNDM2M2JjN2M0YzAiOnsiY3JlYXRlIjoxODAwMDAwMDAwMDAwLCJkZWxldGUiOjE4MDAwMDAwMDAwMDAsInJlYWQiOjMwMDAwMDAwMDAwMCwidXBkYXRlIjoxODAwMDAwMDAwMDAwfX0=",
          "dependencies": [
            "azurerm_network_security_group.app_subnet_nsg",
            "azurerm_network_security_rule.app_nsg_rule_inbound",
            "azurerm_resource_group.rg",
            "azurerm_subnet.appsubnet",
            "azurerm_virtual_network.vnet",
            "random_string.myrandom"
          ]
        }
      ]
    },
    {
      "mode": "managed",
      "type": "azurerm_subnet_network_security_group_association",
      "name": "bastion_subnet_nsg_associate",
      "provider": "provider[\"registry.terraform.io/hashicorp/azurerm\"]",
      "instances": [
        {
          "schema_version": 0,
          "attributes": {
            "id": "/subscriptions/30ac425c-ea17-4b90-badf-2af77b724338/resourceGroups/hr-dev-rg-pptyls/providers/Microsoft.Network/virtualNetworks/hr-dev-vnet/subnets/hr-dev-vnet-bastionsubnet",
            "network_security_group_id": "/subscriptions/30ac425c-ea17-4b90-badf-2af77b724338/resourceGroups/hr-dev-rg-pptyls/providers/Microsoft.Network/networkSecurityGroups/hr-dev-vnet-bastionsubnet-nsg",
            "subnet_id": "/subscriptions/30ac425c-ea17-4b90-badf-2af77b724338/resourceGroups/hr-dev-rg-pptyls/providers/Microsoft.Network/virtualNetworks/hr-dev-vnet/subnets/hr-dev-vnet-bastionsubnet",
            "timeouts": null
          },
          "sensitive_attributes": [],
          "private": "eyJlMmJmYjczMC1lY2FhLTExZTYtOGY4OC0zNDM2M2JjN2M0YzAiOnsiY3JlYXRlIjoxODAwMDAwMDAwMDAwLCJkZWxldGUiOjE4MDAwMDAwMDAwMDAsInJlYWQiOjMwMDAwMDAwMDAwMCwidXBkYXRlIjoxODAwMDAwMDAwMDAwfX0=",
          "dependencies": [
            "azurerm_network_security_group.bastion_subnet_nsg",
            "azurerm_network_security_rule.bastion_nsg_rule_inbound",
            "azurerm_resource_group.rg",
            "azurerm_subnet.bastionsubnet",
            "azurerm_virtual_network.vnet",
            "random_string.myrandom"
          ]
        }
      ]
    },
    {
      "mode": "managed",
      "type": "azurerm_subnet_network_security_group_association",
      "name": "db_subnet_nsg_associate",
      "provider": "provider[\"registry.terraform.io/hashicorp/azurerm\"]",
      "instances": [
        {
          "schema_version": 0,
          "attributes": {
            "id": "/subscriptions/30ac425c-ea17-4b90-badf-2af77b724338/resourceGroups/hr-dev-rg-pptyls/providers/Microsoft.Network/virtualNetworks/hr-dev-vnet/subnets/hr-dev-vnet-dbsubnet",
            "network_security_group_id": "/subscriptions/30ac425c-ea17-4b90-badf-2af77b724338/resourceGroups/hr-dev-rg-pptyls/providers/Microsoft.Network/networkSecurityGroups/hr-dev-vnet-dbsubnet-nsg",
            "subnet_id": "/subscriptions/30ac425c-ea17-4b90-badf-2af77b724338/resourceGroups/hr-dev-rg-pptyls/providers/Microsoft.Network/virtualNetworks/hr-dev-vnet/subnets/hr-dev-vnet-dbsubnet",
            "timeouts": null
          },
          "sensitive_attributes": [],
          "private": "eyJlMmJmYjczMC1lY2FhLTExZTYtOGY4OC0zNDM2M2JjN2M0YzAiOnsiY3JlYXRlIjoxODAwMDAwMDAwMDAwLCJkZWxldGUiOjE4MDAwMDAwMDAwMDAsInJlYWQiOjMwMDAwMDAwMDAwMCwidXBkYXRlIjoxODAwMDAwMDAwMDAwfX0=",
          "dependencies": [
            "azurerm_network_security_group.db_subnet_nsg",
            "azurerm_network_security_rule.db_nsg_rule_inbound",
            "azurerm_resource_group.rg",
            "azurerm_subnet.dbsubnet",
            "azurerm_virtual_network.vnet",
            "random_string.myrandom"
          ]
        }
      ]
    },
    {
      "mode": "managed",
      "type": "azurerm_subnet_network_security_group_association",
      "name": "web_subnet_nsg_associate",
      "provider": "provider[\"registry.terraform.io/hashicorp/azurerm\"]",
      "instances": [
        {
          "schema_version": 0,
          "attributes": {
            "id": "/subscriptions/30ac425c-ea17-4b90-badf-2af77b724338/resourceGroups/hr-dev-rg-pptyls/providers/Microsoft.Network/virtualNetworks/hr-dev-vnet/subnets/hr-dev-vnet-websubnet",
            "network_security_group_id": "/subscriptions/30ac425c-ea17-4b90-badf-2af77b724338/resourceGroups/hr-dev-rg-pptyls/providers/Microsoft.Network/networkSecurityGroups/hr-dev-vnet-websubnet-nsg",
            "subnet_id": "/subscriptions/30ac425c-ea17-4b90-badf-2af77b724338/resourceGroups/hr-dev-rg-pptyls/providers/Microsoft.Network/virtualNetworks/hr-dev-vnet/subnets/hr-dev-vnet-websubnet",
            "timeouts": null
          },
          "sensitive_attributes": [],
          "private": "eyJlMmJmYjczMC1lY2FhLTExZTYtOGY4OC0zNDM2M2JjN2M0YzAiOnsiY3JlYXRlIjoxODAwMDAwMDAwMDAwLCJkZWxldGUiOjE4MDAwMDAwMDAwMDAsInJlYWQiOjMwMDAwMDAwMDAwMCwidXBkYXRlIjoxODAwMDAwMDAwMDAwfX0=",
          "dependencies": [
            "azurerm_network_security_group.web_subnet_nsg",
            "azurerm_network_security_rule.web_nsg_rule_inbound",
            "azurerm_resource_group.rg",
            "azurerm_subnet.websubnet",
            "azurerm_virtual_network.vnet",
            "random_string.myrandom"
          ]
        }
      ]
    },
    {
      "mode": "managed",
      "type": "azurerm_virtual_network",
      "name": "vnet",
      "provider": "provider[\"registry.terraform.io/hashicorp/azurerm\"]",
      "instances": [
        {
          "schema_version": 0,
          "attributes": {
            "address_space": [
              "10.1.0.0/16"
            ],
            "bgp_community": "",
            "ddos_protection_plan": [],
            "dns_servers": [],
            "edge_zone": "",
            "flow_timeout_in_minutes": 0,
            "guid": "48bffb1c-a01f-4b01-9e7d-6f5e4b4df226",
            "id": "/subscriptions/30ac425c-ea17-4b90-badf-2af77b724338/resourceGroups/hr-dev-rg-pptyls/providers/Microsoft.Network/virtualNetworks/hr-dev-vnet",
            "location": "centralus",
            "name": "hr-dev-vnet",
            "resource_group_name": "hr-dev-rg-pptyls",
            "subnet": [],
            "tags": {
              "environment": "dev",
              "owners": "hr"
            },
            "timeouts": null
          },
          "sensitive_attributes": [],
          "private": "eyJlMmJmYjczMC1lY2FhLTExZTYtOGY4OC0zNDM2M2JjN2M0YzAiOnsiY3JlYXRlIjoxODAwMDAwMDAwMDAwLCJkZWxldGUiOjE4MDAwMDAwMDAwMDAsInJlYWQiOjMwMDAwMDAwMDAwMCwidXBkYXRlIjoxODAwMDAwMDAwMDAwfX0=",
          "dependencies": [
            "azurerm_resource_group.rg",
            "random_string.myrandom"
          ]
        }
      ]
    },
    {
      "mode": "managed",
      "type": "null_resource",
      "name": "name",
      "provider": "provider[\"registry.terraform.io/hashicorp/null\"]",
      "instances": [
        {
          "schema_version": 0,
          "attributes": {
            "id": "7985852153493017499",
            "triggers": null
          },
          "sensitive_attributes": [],
          "private": "bnVsbA==",
          "dependencies": [
            "azurerm_linux_virtual_machine.bastion_host_linuxvm",
            "azurerm_network_interface.bastion_host_linuxvm_nic",
            "azurerm_public_ip.bastion_host_publicip",
            "azurerm_resource_group.rg",
            "azurerm_subnet.bastionsubnet",
            "azurerm_virtual_network.vnet",
            "random_string.myrandom"
          ]
        }
      ]
    },
    {
      "mode": "managed",
      "type": "random_string",
      "name": "myrandom",
      "provider": "provider[\"registry.terraform.io/hashicorp/random\"]",
      "instances": [
        {
          "schema_version": 1,
          "attributes": {
            "id": "pptyls",
            "keepers": null,
            "length": 6,
            "lower": true,
            "min_lower": 0,
            "min_numeric": 0,
            "min_special": 0,
            "min_upper": 0,
            "number": false,
            "override_special": null,
            "result": "pptyls",
            "special": false,
            "upper": false
          },
          "sensitive_attributes": [],
          "private": "eyJzY2hlbWFfdmVyc2lvbiI6IjEifQ=="
        }
      ]
    }
  ]
}
